
Microsoft Visual Studio Solution File, Format Version 12.00
# Visual Studio 15
VisualStudioVersion = 15.0.26430.16
MinimumVisualStudioVersion = 10.0.40219.1
Project("{FAE04EC0-301F-11D3-BF4B-00C04F79EFBC}") = "ListViewAvancado.Android", "ListViewAvancado\ListViewAvancado.Android\ListViewAvancado.Android.csproj", "{74461467-0821-44C2-9F41-435EA38E95AB}"
EndProject
Project("{FAE04EC0-301F-11D3-BF4B-00C04F79EFBC}") = "ListViewAvancado", "ListViewAvancado\ListViewAvancado\ListViewAvancado.csproj", "{5BC63154-1EF1-4225-BB42-3C2A55A2378E}"
EndProject
Project("{FAE04EC0-301F-11D3-BF4B-00C04F79EFBC}") = "ListViewAvancado.UWP", "ListViewAvancado\ListViewAvancado.UWP\ListViewAvancado.UWP.csproj", "{8EDB7679-50E7-436D-AFC7-174F43192C90}"
EndProject
Project("{FAE04EC0-301F-11D3-BF4B-00C04F79EFBC}") = "ListViewAvancado.iOS", "ListViewAvancado\ListViewAvancado.iOS\ListViewAvancado.iOS.csproj", "{EBC84D98-5157-4513-95F1-A4C6F76EAE9F}"
EndProject
Global
	GlobalSection(SolutionConfigurationPlatforms) = preSolution
		Ad-Hoc|Any CPU = Ad-Hoc|Any CPU
		Ad-Hoc|ARM = Ad-Hoc|ARM
		Ad-Hoc|iPhone = Ad-Hoc|iPhone
		Ad-Hoc|iPhoneSimulator = Ad-Hoc|iPhoneSimulator
		Ad-Hoc|x64 = Ad-Hoc|x64
		Ad-Hoc|x86 = Ad-Hoc|x86
		AppStore|Any CPU = AppStore|Any CPU
		AppStore|ARM = AppStore|ARM
		AppStore|iPhone = AppStore|iPhone
		AppStore|iPhoneSimulator = AppStore|iPhoneSimulator
		AppStore|x64 = AppStore|x64
		AppStore|x86 = AppStore|x86
		Debug|Any CPU = Debug|Any CPU
		Debug|ARM = Debug|ARM
		Debug|iPhone = Debug|iPhone
		Debug|iPhoneSimulator = Debug|iPhoneSimulator
		Debug|x64 = Debug|x64
		Debug|x86 = Debug|x86
		Release|Any CPU = Release|Any CPU
		Release|ARM = Release|ARM
		Release|iPhone = Release|iPhone
		Release|iPhoneSimulator = Release|iPhoneSimulator
		Release|x64 = Release|x64
		Release|x86 = Release|x86
	EndGlobalSection
	GlobalSection(ProjectConfigurationPlatforms) = postSolution
		{74461467-0821-44C2-9F41-435EA38E95AB}.Ad-Hoc|Any CPU.ActiveCfg = Release|Any CPU
		{74461467-0821-44C2-9F41-435EA38E95AB}.Ad-Hoc|Any CPU.Build.0 = Release|Any CPU
		{74461467-0821-44C2-9F41-435EA38E95AB}.Ad-Hoc|Any CPU.Deploy.0 = Release|Any CPU
		{74461467-0821-44C2-9F41-435EA38E95AB}.Ad-Hoc|ARM.ActiveCfg = Release|Any CPU
		{74461467-0821-44C2-9F41-435EA38E95AB}.Ad-Hoc|ARM.Build.0 = Release|Any CPU
		{74461467-0821-44C2-9F41-435EA38E95AB}.Ad-Hoc|ARM.Deploy.0 = Release|Any CPU
		{74461467-0821-44C2-9F41-435EA38E95AB}.Ad-Hoc|iPhone.ActiveCfg = Release|Any CPU
		{74461467-0821-44C2-9F41-435EA38E95AB}.Ad-Hoc|iPhone.Build.0 = Release|Any CPU
		{74461467-0821-44C2-9F41-435EA38E95AB}.Ad-Hoc|iPhone.Deploy.0 = Release|Any CPU
		{74461467-0821-44C2-9F41-435EA38E95AB}.Ad-Hoc|iPhoneSimulator.ActiveCfg = Release|Any CPU
		{74461467-0821-44C2-9F41-435EA38E95AB}.Ad-Hoc|iPhoneSimulator.Build.0 = Release|Any CPU
		{74461467-0821-44C2-9F41-435EA38E95AB}.Ad-Hoc|iPhoneSimulator.Deploy.0 = Release|Any CPU
		{74461467-0821-44C2-9F41-435EA38E95AB}.Ad-Hoc|x64.ActiveCfg = Release|Any CPU
		{74461467-0821-44C2-9F41-435EA38E95AB}.Ad-Hoc|x64.Build.0 = Release|Any CPU
		{74461467-0821-44C2-9F41-435EA38E95AB}.Ad-Hoc|x64.Deploy.0 = Release|Any CPU
		{74461467-0821-44C2-9F41-435EA38E95AB}.Ad-Hoc|x86.ActiveCfg = Release|Any CPU
		{74461467-0821-44C2-9F41-435EA38E95AB}.Ad-Hoc|x86.Build.0 = Release|Any CPU
		{74461467-0821-44C2-9F41-435EA38E95AB}.Ad-Hoc|x86.Deploy.0 = Release|Any CPU
		{74461467-0821-44C2-9F41-435EA38E95AB}.AppStore|Any CPU.ActiveCfg = Release|Any CPU
		{74461467-0821-44C2-9F41-435EA38E95AB}.AppStore|Any CPU.Build.0 = Release|Any CPU
		{74461467-0821-44C2-9F41-435EA38E95AB}.AppStore|Any CPU.Deploy.0 = Release|Any CPU
		{74461467-0821-44C2-9F41-435EA38E95AB}.AppStore|ARM.ActiveCfg = Release|Any CPU
		{74461467-0821-44C2-9F41-435EA38E95AB}.AppStore|ARM.Build.0 = Release|Any CPU
		{74461467-0821-44C2-9F41-435EA38E95AB}.AppStore|ARM.Deploy.0 = Release|Any CPU
		{74461467-0821-44C2-9F41-435EA38E95AB}.AppStore|iPhone.ActiveCfg = Release|Any CPU
		{74461467-0821-44C2-9F41-435EA38E95AB}.AppStore|iPhone.Build.0 = Release|Any CPU
		{74461467-0821-44C2-9F41-435EA38E95AB}.AppStore|iPhone.Deploy.0 = Release|Any CPU
		{74461467-0821-44C2-9F41-435EA38E95AB}.AppStore|iPhoneSimulator.ActiveCfg = Release|Any CPU
		{74461467-0821-44C2-9F41-435EA38E95AB}.AppStore|iPhoneSimulator.Build.0 = Release|Any CPU
		{74461467-0821-44C2-9F41-435EA38E95AB}.AppStore|iPhoneSimulator.Deploy.0 = Release|Any CPU
		{74461467-0821-44C2-9F41-435EA38E95AB}.AppStore|x64.ActiveCfg = Release|Any CPU
		{74461467-0821-44C2-9F41-435EA38E95AB}.AppStore|x64.Build.0 = Release|Any CPU
		{74461467-0821-44C2-9F41-435EA38E95AB}.AppStore|x64.Deploy.0 = Release|Any CPU
		{74461467-0821-44C2-9F41-435EA38E95AB}.AppStore|x86.ActiveCfg = Release|Any CPU
		{74461467-0821-44C2-9F41-435EA38E95AB}.AppStore|x86.Build.0 = Release|Any CPU
		{74461467-0821-44C2-9F41-435EA38E95AB}.AppStore|x86.Deploy.0 = Release|Any CPU
		{74461467-0821-44C2-9F41-435EA38E95AB}.Debug|Any CPU.ActiveCfg = Debug|Any CPU
		{74461467-0821-44C2-9F41-435EA38E95AB}.Debug|Any CPU.Build.0 = Debug|Any CPU
		{74461467-0821-44C2-9F41-435EA38E95AB}.Debug|Any CPU.Deploy.0 = Debug|Any CPU
		{74461467-0821-44C2-9F41-435EA38E95AB}.Debug|ARM.ActiveCfg = Debug|Any CPU
		{74461467-0821-44C2-9F41-435EA38E95AB}.Debug|ARM.Build.0 = Debug|Any CPU
		{74461467-0821-44C2-9F41-435EA38E95AB}.Debug|ARM.Deploy.0 = Debug|Any CPU
		{74461467-0821-44C2-9F41-435EA38E95AB}.Debug|iPhone.ActiveCfg = Debug|Any CPU
		{74461467-0821-44C2-9F41-435EA38E95AB}.Debug|iPhone.Build.0 = Debug|Any CPU
		{74461467-0821-44C2-9F41-435EA38E95AB}.Debug|iPhone.Deploy.0 = Debug|Any CPU
		{74461467-0821-44C2-9F41-435EA38E95AB}.Debug|iPhoneSimulator.ActiveCfg = Debug|Any CPU
		{74461467-0821-44C2-9F41-435EA38E95AB}.Debug|iPhoneSimulator.Build.0 = Debug|Any CPU
		{74461467-0821-44C2-9F41-435EA38E95AB}.Debug|iPhoneSimulator.Deploy.0 = Debug|Any CPU
		{74461467-0821-44C2-9F41-435EA38E95AB}.Debug|x64.ActiveCfg = Debug|Any CPU
		{74461467-0821-44C2-9F41-435EA38E95AB}.Debug|x64.Build.0 = Debug|Any CPU
		{74461467-0821-44C2-9F41-435EA38E95AB}.Debug|x64.Deploy.0 = Debug|Any CPU
		{74461467-0821-44C2-9F41-435EA38E95AB}.Debug|x86.ActiveCfg = Debug|Any CPU
		{74461467-0821-44C2-9F41-435EA38E95AB}.Debug|x86.Build.0 = Debug|Any CPU
		{74461467-0821-44C2-9F41-435EA38E95AB}.Debug|x86.Deploy.0 = Debug|Any CPU
		{74461467-0821-44C2-9F41-435EA38E95AB}.Release|Any CPU.ActiveCfg = Release|Any CPU
		{74461467-0821-44C2-9F41-435EA38E95AB}.Release|Any CPU.Build.0 = Release|Any CPU
		{74461467-0821-44C2-9F41-435EA38E95AB}.Release|Any CPU.Deploy.0 = Release|Any CPU
		{74461467-0821-44C2-9F41-435EA38E95AB}.Release|ARM.ActiveCfg = Release|Any CPU
		{74461467-0821-44C2-9F41-435EA38E95AB}.Release|ARM.Build.0 = Release|Any CPU
		{74461467-0821-44C2-9F41-435EA38E95AB}.Release|ARM.Deploy.0 = Release|Any CPU
		{74461467-0821-44C2-9F41-435EA38E95AB}.Release|iPhone.ActiveCfg = Release|Any CPU
		{74461467-0821-44C2-9F41-435EA38E95AB}.Release|iPhone.Build.0 = Release|Any CPU
		{74461467-0821-44C2-9F41-435EA38E95AB}.Release|iPhone.Deploy.0 = Release|Any CPU
		{74461467-0821-44C2-9F41-435EA38E95AB}.Release|iPhoneSimulator.ActiveCfg = Release|Any CPU
		{74461467-0821-44C2-9F41-435EA38E95AB}.Release|iPhoneSimulator.Build.0 = Release|Any CPU
		{74461467-0821-44C2-9F41-435EA38E95AB}.Release|iPhoneSimulator.Deploy.0 = Release|Any CPU
		{74461467-0821-44C2-9F41-435EA38E95AB}.Release|x64.ActiveCfg = Release|Any CPU
		{74461467-0821-44C2-9F41-435EA38E95AB}.Release|x64.Build.0 = Release|Any CPU
		{74461467-0821-44C2-9F41-435EA38E95AB}.Release|x64.Deploy.0 = Release|Any CPU
		{74461467-0821-44C2-9F41-435EA38E95AB}.Release|x86.ActiveCfg = Release|Any CPU
		{74461467-0821-44C2-9F41-435EA38E95AB}.Release|x86.Build.0 = Release|Any CPU
		{74461467-0821-44C2-9F41-435EA38E95AB}.Release|x86.Deploy.0 = Release|Any CPU
		{5BC63154-1EF1-4225-BB42-3C2A55A2378E}.Ad-Hoc|Any CPU.ActiveCfg = Release|Any CPU
		{5BC63154-1EF1-4225-BB42-3C2A55A2378E}.Ad-Hoc|Any CPU.Build.0 = Release|Any CPU
		{5BC63154-1EF1-4225-BB42-3C2A55A2378E}.Ad-Hoc|ARM.ActiveCfg = Release|Any CPU
		{5BC63154-1EF1-4225-BB42-3C2A55A2378E}.Ad-Hoc|ARM.Build.0 = Release|Any CPU
		{5BC63154-1EF1-4225-BB42-3C2A55A2378E}.Ad-Hoc|iPhone.ActiveCfg = Release|Any CPU
		{5BC63154-1EF1-4225-BB42-3C2A55A2378E}.Ad-Hoc|iPhone.Build.0 = Release|Any CPU
		{5BC63154-1EF1-4225-BB42-3C2A55A2378E}.Ad-Hoc|iPhoneSimulator.ActiveCfg = Release|Any CPU
		{5BC63154-1EF1-4225-BB42-3C2A55A2378E}.Ad-Hoc|iPhoneSimulator.Build.0 = Release|Any CPU
		{5BC63154-1EF1-4225-BB42-3C2A55A2378E}.Ad-Hoc|x64.ActiveCfg = Release|Any CPU
		{5BC63154-1EF1-4225-BB42-3C2A55A2378E}.Ad-Hoc|x64.Build.0 = Release|Any CPU
		{5BC63154-1EF1-4225-BB42-3C2A55A2378E}.Ad-Hoc|x86.ActiveCfg = Release|Any CPU
		{5BC63154-1EF1-4225-BB42-3C2A55A2378E}.Ad-Hoc|x86.Build.0 = Release|Any CPU
		{5BC63154-1EF1-4225-BB42-3C2A55A2378E}.AppStore|Any CPU.ActiveCfg = Release|Any CPU
		{5BC63154-1EF1-4225-BB42-3C2A55A2378E}.AppStore|Any CPU.Build.0 = Release|Any CPU
		{5BC63154-1EF1-4225-BB42-3C2A55A2378E}.AppStore|ARM.ActiveCfg = Release|Any CPU
		{5BC63154-1EF1-4225-BB42-3C2A55A2378E}.AppStore|ARM.Build.0 = Release|Any CPU
		{5BC63154-1EF1-4225-BB42-3C2A55A2378E}.AppStore|iPhone.ActiveCfg = Release|Any CPU
		{5BC63154-1EF1-4225-BB42-3C2A55A2378E}.AppStore|iPhone.Build.0 = Release|Any CPU
		{5BC63154-1EF1-4225-BB42-3C2A55A2378E}.AppStore|iPhoneSimulator.ActiveCfg = Release|Any CPU
		{5BC63154-1EF1-4225-BB42-3C2A55A2378E}.AppStore|iPhoneSimulator.Build.0 = Release|Any CPU
		{5BC63154-1EF1-4225-BB42-3C2A55A2378E}.AppStore|x64.ActiveCfg = Release|Any CPU
		{5BC63154-1EF1-4225-BB42-3C2A55A2378E}.AppStore|x64.Build.0 = Release|Any CPU
		{5BC63154-1EF1-4225-BB42-3C2A55A2378E}.AppStore|x86.ActiveCfg = Release|Any CPU
		{5BC63154-1EF1-4225-BB42-3C2A55A2378E}.AppStore|x86.Build.0 = Release|Any CPU
		{5BC63154-1EF1-4225-BB42-3C2A55A2378E}.Debug|Any CPU.ActiveCfg = Debug|Any CPU
		{5BC63154-1EF1-4225-BB42-3C2A55A2378E}.Debug|Any CPU.Build.0 = Debug|Any CPU
		{5BC63154-1EF1-4225-BB42-3C2A55A2378E}.Debug|ARM.ActiveCfg = Debug|Any CPU
		{5BC63154-1EF1-4225-BB42-3C2A55A2378E}.Debug|ARM.Build.0 = Debug|Any CPU
		{5BC63154-1EF1-4225-BB42-3C2A55A2378E}.Debug|iPhone.ActiveCfg = Debug|Any CPU
		{5BC63154-1EF1-4225-BB42-3C2A55A2378E}.Debug|iPhone.Build.0 = Debug|Any CPU
		{5BC63154-1EF1-4225-BB42-3C2A55A2378E}.Debug|iPhoneSimulator.ActiveCfg = Debug|Any CPU
		{5BC63154-1EF1-4225-BB42-3C2A55A2378E}.Debug|iPhoneSimulator.Build.0 = Debug|Any CPU
		{5BC63154-1EF1-4225-BB42-3C2A55A2378E}.Debug|x64.ActiveCfg = Debug|Any CPU
		{5BC63154-1EF1-4225-BB42-3C2A55A2378E}.Debug|x64.Build.0 = Debug|Any CPU
		{5BC63154-1EF1-4225-BB42-3C2A55A2378E}.Debug|x86.ActiveCfg = Debug|Any CPU
		{5BC63154-1EF1-4225-BB42-3C2A55A2378E}.Debug|x86.Build.0 = Debug|Any CPU
		{5BC63154-1EF1-4225-BB42-3C2A55A2378E}.Release|Any CPU.ActiveCfg = Release|Any CPU
		{5BC63154-1EF1-4225-BB42-3C2A55A2378E}.Release|Any CPU.Build.0 = Release|Any CPU
		{5BC63154-1EF1-4225-BB42-3C2A55A2378E}.Release|ARM.ActiveCfg = Release|Any CPU
		{5BC63154-1EF1-4225-BB42-3C2A55A2378E}.Release|ARM.Build.0 = Release|Any CPU
		{5BC63154-1EF1-4225-BB42-3C2A55A2378E}.Release|iPhone.ActiveCfg = Release|Any CPU
		{5BC63154-1EF1-4225-BB42-3C2A55A2378E}.Release|iPhone.Build.0 = Release|Any CPU
		{5BC63154-1EF1-4225-BB42-3C2A55A2378E}.Release|iPhoneSimulator.ActiveCfg = Release|Any CPU
		{5BC63154-1EF1-4225-BB42-3C2A55A2378E}.Release|iPhoneSimulator.Build.0 = Release|Any CPU
		{5BC63154-1EF1-4225-BB42-3C2A55A2378E}.Release|x64.ActiveCfg = Release|Any CPU
		{5BC63154-1EF1-4225-BB42-3C2A55A2378E}.Release|x64.Build.0 = Release|Any CPU
		{5BC63154-1EF1-4225-BB42-3C2A55A2378E}.Release|x86.ActiveCfg = Release|Any CPU
		{5BC63154-1EF1-4225-BB42-3C2A55A2378E}.Release|x86.Build.0 = Release|Any CPU
		{8EDB7679-50E7-436D-AFC7-174F43192C90}.Ad-Hoc|Any CPU.ActiveCfg = Release|x86
		{8EDB7679-50E7-436D-AFC7-174F43192C90}.Ad-Hoc|Any CPU.Build.0 = Release|x86
		{8EDB7679-50E7-436D-AFC7-174F43192C90}.Ad-Hoc|Any CPU.Deploy.0 = Release|x86
		{8EDB7679-50E7-436D-AFC7-174F43192C90}.Ad-Hoc|ARM.ActiveCfg = Release|ARM
		{8EDB7679-50E7-436D-AFC7-174F43192C90}.Ad-Hoc|ARM.Build.0 = Release|ARM
		{8EDB7679-50E7-436D-AFC7-174F43192C90}.Ad-Hoc|ARM.Deploy.0 = Release|ARM
		{8EDB7679-50E7-436D-AFC7-174F43192C90}.Ad-Hoc|iPhone.ActiveCfg = Release|x86
		{8EDB7679-50E7-436D-AFC7-174F43192C90}.Ad-Hoc|iPhone.Build.0 = Release|x86
		{8EDB7679-50E7-436D-AFC7-174F43192C90}.Ad-Hoc|iPhone.Deploy.0 = Release|x86
		{8EDB7679-50E7-436D-AFC7-174F43192C90}.Ad-Hoc|iPhoneSimulator.ActiveCfg = Release|x86
		{8EDB7679-50E7-436D-AFC7-174F43192C90}.Ad-Hoc|iPhoneSimulator.Build.0 = Release|x86
		{8EDB7679-50E7-436D-AFC7-174F43192C90}.Ad-Hoc|iPhoneSimulator.Deploy.0 = Release|x86
		{8EDB7679-50E7-436D-AFC7-174F43192C90}.Ad-Hoc|x64.ActiveCfg = Release|x64
		{8EDB7679-50E7-436D-AFC7-174F43192C90}.Ad-Hoc|x64.Build.0 = Release|x64
		{8EDB7679-50E7-436D-AFC7-174F43192C90}.Ad-Hoc|x64.Deploy.0 = Release|x64
		{8EDB7679-50E7-436D-AFC7-174F43192C90}.Ad-Hoc|x86.ActiveCfg = Release|x86
		{8EDB7679-50E7-436D-AFC7-174F43192C90}.Ad-Hoc|x86.Build.0 = Release|x86
		{8EDB7679-50E7-436D-AFC7-174F43192C90}.Ad-Hoc|x86.Deploy.0 = Release|x86
		{8EDB7679-50E7-436D-AFC7-174F43192C90}.AppStore|Any CPU.ActiveCfg = Release|x86
		{8EDB7679-50E7-436D-AFC7-174F43192C90}.AppStore|Any CPU.Build.0 = Release|x86
		{8EDB7679-50E7-436D-AFC7-174F43192C90}.AppStore|Any CPU.Deploy.0 = Release|x86
		{8EDB7679-50E7-436D-AFC7-174F43192C90}.AppStore|ARM.ActiveCfg = Release|ARM
		{8EDB7679-50E7-436D-AFC7-174F43192C90}.AppStore|ARM.Build.0 = Release|ARM
		{8EDB7679-50E7-436D-AFC7-174F43192C90}.AppStore|ARM.Deploy.0 = Release|ARM
		{8EDB7679-50E7-436D-AFC7-174F43192C90}.AppStore|iPhone.ActiveCfg = Release|x86
		{8EDB7679-50E7-436D-AFC7-174F43192C90}.AppStore|iPhone.Build.0 = Release|x86
		{8EDB7679-50E7-436D-AFC7-174F43192C90}.AppStore|iPhone.Deploy.0 = Release|x86
		{8EDB7679-50E7-436D-AFC7-174F43192C90}.AppStore|iPhoneSimulator.ActiveCfg = Release|x86
		{8EDB7679-50E7-436D-AFC7-174F43192C90}.AppStore|iPhoneSimulator.Build.0 = Release|x86
		{8EDB7679-50E7-436D-AFC7-174F43192C90}.AppStore|iPhoneSimulator.Deploy.0 = Release|x86
		{8EDB7679-50E7-436D-AFC7-174F43192C90}.AppStore|x64.ActiveCfg = Release|x64
		{8EDB7679-50E7-436D-AFC7-174F43192C90}.AppStore|x64.Build.0 = Release|x64
		{8EDB7679-50E7-436D-AFC7-174F43192C90}.AppStore|x64.Deploy.0 = Release|x64
		{8EDB7679-50E7-436D-AFC7-174F43192C90}.AppStore|x86.ActiveCfg = Release|x86
		{8EDB7679-50E7-436D-AFC7-174F43192C90}.AppStore|x86.Build.0 = Release|x86
		{8EDB7679-50E7-436D-AFC7-174F43192C90}.AppStore|x86.Deploy.0 = Release|x86
		{8EDB7679-50E7-436D-AFC7-174F43192C90}.Debug|Any CPU.ActiveCfg = Debug|x86
		{8EDB7679-50E7-436D-AFC7-174F43192C90}.Debug|ARM.ActiveCfg = Debug|ARM
		{8EDB7679-50E7-436D-AFC7-174F43192C90}.Debug|ARM.Build.0 = Debug|ARM
		{8EDB7679-50E7-436D-AFC7-174F43192C90}.Debug|ARM.Deploy.0 = Debug|ARM
		{8EDB7679-50E7-436D-AFC7-174F43192C90}.Debug|iPhone.ActiveCfg = Debug|x86
		{8EDB7679-50E7-436D-AFC7-174F43192C90}.Debug|iPhoneSimulator.ActiveCfg = Debug|x86
		{8EDB7679-50E7-436D-AFC7-174F43192C90}.Debug|x64.ActiveCfg = Debug|x64
		{8EDB7679-50E7-436D-AFC7-174F43192C90}.Debug|x64.Build.0 = Debug|x64
		{8EDB7679-50E7-436D-AFC7-174F43192C90}.Debug|x64.Deploy.0 = Debug|x64
		{8EDB7679-50E7-436D-AFC7-174F43192C90}.Debug|x86.ActiveCfg = Debug|x86
		{8EDB7679-50E7-436D-AFC7-174F43192C90}.Debug|x86.Build.0 = Debug|x86
		{8EDB7679-50E7-436D-AFC7-174F43192C90}.Debug|x86.Deploy.0 = Debug|x86
		{8EDB7679-50E7-436D-AFC7-174F43192C90}.Release|Any CPU.ActiveCfg = Release|x86
		{8EDB7679-50E7-436D-AFC7-174F43192C90}.Release|ARM.ActiveCfg = Release|ARM
		{8EDB7679-50E7-436D-AFC7-174F43192C90}.Release|ARM.Build.0 = Release|ARM
		{8EDB7679-50E7-436D-AFC7-174F43192C90}.Release|ARM.Deploy.0 = Release|ARM
		{8EDB7679-50E7-436D-AFC7-174F43192C90}.Release|iPhone.ActiveCfg = Release|x86
		{8EDB7679-50E7-436D-AFC7-174F43192C90}.Release|iPhoneSimulator.ActiveCfg = Release|x86
		{8EDB7679-50E7-436D-AFC7-174F43192C90}.Release|x64.ActiveCfg = Release|x64
		{8EDB7679-50E7-436D-AFC7-174F43192C90}.Release|x64.Build.0 = Release|x64
		{8EDB7679-50E7-436D-AFC7-174F43192C90}.Release|x64.Deploy.0 = Release|x64
		{8EDB7679-50E7-436D-AFC7-174F43192C90}.Release|x86.ActiveCfg = Release|x86
		{8EDB7679-50E7-436D-AFC7-174F43192C90}.Release|x86.Build.0 = Release|x86
		{8EDB7679-50E7-436D-AFC7-174F43192C90}.Release|x86.Deploy.0 = Release|x86
		{EBC84D98-5157-4513-95F1-A4C6F76EAE9F}.Ad-Hoc|Any CPU.ActiveCfg = Ad-Hoc|iPhone
		{EBC84D98-5157-4513-95F1-A4C6F76EAE9F}.Ad-Hoc|ARM.ActiveCfg = Ad-Hoc|iPhone
		{EBC84D98-5157-4513-95F1-A4C6F76EAE9F}.Ad-Hoc|iPhone.ActiveCfg = Ad-Hoc|iPhone
		{EBC84D98-5157-4513-95F1-A4C6F76EAE9F}.Ad-Hoc|iPhone.Build.0 = Ad-Hoc|iPhone
		{EBC84D98-5157-4513-95F1-A4C6F76EAE9F}.Ad-Hoc|iPhoneSimulator.ActiveCfg = Ad-Hoc|iPhoneSimulator
		{EBC84D98-5157-4513-95F1-A4C6F76EAE9F}.Ad-Hoc|iPhoneSimulator.Build.0 = Ad-Hoc|iPhoneSimulator
		{EBC84D98-5157-4513-95F1-A4C6F76EAE9F}.Ad-Hoc|x64.ActiveCfg = Ad-Hoc|iPhone
		{EBC84D98-5157-4513-95F1-A4C6F76EAE9F}.Ad-Hoc|x86.ActiveCfg = Ad-Hoc|iPhone
		{EBC84D98-5157-4513-95F1-A4C6F76EAE9F}.AppStore|Any CPU.ActiveCfg = AppStore|iPhone
		{EBC84D98-5157-4513-95F1-A4C6F76EAE9F}.AppStore|ARM.ActiveCfg = AppStore|iPhone
		{EBC84D98-5157-4513-95F1-A4C6F76EAE9F}.AppStore|iPhone.ActiveCfg = AppStore|iPhone
		{EBC84D98-5157-4513-95F1-A4C6F76EAE9F}.AppStore|iPhone.Build.0 = AppStore|iPhone
		{EBC84D98-5157-4513-95F1-A4C6F76EAE9F}.AppStore|iPhoneSimulator.ActiveCfg = AppStore|iPhoneSimulator
		{EBC84D98-5157-4513-95F1-A4C6F76EAE9F}.AppStore|iPhoneSimulator.Build.0 = AppStore|iPhoneSimulator
		{EBC84D98-5157-4513-95F1-A4C6F76EAE9F}.AppStore|x64.ActiveCfg = AppStore|iPhone
		{EBC84D98-5157-4513-95F1-A4C6F76EAE9F}.AppStore|x86.ActiveCfg = AppStore|iPhone
		{EBC84D98-5157-4513-95F1-A4C6F76EAE9F}.Debug|Any CPU.ActiveCfg = Debug|iPhone
		{EBC84D98-5157-4513-95F1-A4C6F76EAE9F}.Debug|ARM.ActiveCfg = Debug|iPhone
		{EBC84D98-5157-4513-95F1-A4C6F76EAE9F}.Debug|iPhone.ActiveCfg = Debug|iPhone
		{EBC84D98-5157-4513-95F1-A4C6F76EAE9F}.Debug|iPhone.Build.0 = Debug|iPhone
		{EBC84D98-5157-4513-95F1-A4C6F76EAE9F}.Debug|iPhoneSimulator.ActiveCfg = Debug|iPhoneSimulator
		{EBC84D98-5157-4513-95F1-A4C6F76EAE9F}.Debug|iPhoneSimulator.Build.0 = Debug|iPhoneSimulator
		{EBC84D98-5157-4513-95F1-A4C6F76EAE9F}.Debug|x64.ActiveCfg = Debug|iPhone
		{EBC84D98-5157-4513-95F1-A4C6F76EAE9F}.Debug|x86.ActiveCfg = Debug|iPhone
		{EBC84D98-5157-4513-95F1-A4C6F76EAE9F}.Release|Any CPU.ActiveCfg = Release|iPhone
		{EBC84D98-5157-4513-95F1-A4C6F76EAE9F}.Release|ARM.ActiveCfg = Release|iPhone
		{EBC84D98-5157-4513-95F1-A4C6F76EAE9F}.Release|iPhone.ActiveCfg = Release|iPhone
		{EBC84D98-5157-4513-95F1-A4C6F76EAE9F}.Release|iPhone.Build.0 = Release|iPhone
		{EBC84D98-5157-4513-95F1-A4C6F76EAE9F}.Release|iPhoneSimulator.ActiveCfg = Release|iPhoneSimulator
		{EBC84D98-5157-4513-95F1-A4C6F76EAE9F}.Release|iPhoneSimulator.Build.0 = Release|iPhoneSimulator
		{EBC84D98-5157-4513-95F1-A4C6F76EAE9F}.Release|x64.ActiveCfg = Release|iPhone
		{EBC84D98-5157-4513-95F1-A4C6F76EAE9F}.Release|x86.ActiveCfg = Release|iPhone
	EndGlobalSection
	GlobalSection(SolutionProperties) = preSolution
		HideSolutionNode = FALSE
	EndGlobalSection
EndGlobal
