
Microsoft Visual Studio Solution File, Format Version 12.00
# Visual Studio 15
VisualStudioVersion = 15.0.27004.2002
MinimumVisualStudioVersion = 10.0.40219.1
Project("{D954291E-2A0B-460D-934E-DC6B0785DB48}") = "OnPlataform", "OnPlataform\OnPlataform\OnPlataform.shproj", "{1E900542-B1FD-4F5A-90F2-15AE97A6B10F}"
EndProject
Project("{FAE04EC0-301F-11D3-BF4B-00C04F79EFBC}") = "OnPlataform.Android", "OnPlataform\OnPlataform.Android\OnPlataform.Android.csproj", "{00FCDE3C-0DA7-4B7A-9DF4-805C8BBEDFAB}"
EndProject
Project("{FAE04EC0-301F-11D3-BF4B-00C04F79EFBC}") = "OnPlataform.iOS", "OnPlataform\OnPlataform.iOS\OnPlataform.iOS.csproj", "{25E17494-5B01-46AB-9CB1-996F11644250}"
EndProject
Project("{FAE04EC0-301F-11D3-BF4B-00C04F79EFBC}") = "OnPlataform.UWP", "OnPlataform\OnPlataform.UWP\OnPlataform.UWP.csproj", "{75772F86-7C8A-4900-B513-0ECB16F83744}"
EndProject
Global
	GlobalSection(SharedMSBuildProjectFiles) = preSolution
		OnPlataform\OnPlataform\OnPlataform.projitems*{00fcde3c-0da7-4b7a-9df4-805c8bbedfab}*SharedItemsImports = 4
		OnPlataform\OnPlataform\OnPlataform.projitems*{1e900542-b1fd-4f5a-90f2-15ae97a6b10f}*SharedItemsImports = 13
		OnPlataform\OnPlataform\OnPlataform.projitems*{25e17494-5b01-46ab-9cb1-996f11644250}*SharedItemsImports = 4
		OnPlataform\OnPlataform\OnPlataform.projitems*{75772f86-7c8a-4900-b513-0ecb16f83744}*SharedItemsImports = 4
	EndGlobalSection
	GlobalSection(SolutionConfigurationPlatforms) = preSolution
		Ad-Hoc|Any CPU = Ad-Hoc|Any CPU
		Ad-Hoc|ARM = Ad-Hoc|ARM
		Ad-Hoc|iPhone = Ad-Hoc|iPhone
		Ad-Hoc|iPhoneSimulator = Ad-Hoc|iPhoneSimulator
		Ad-Hoc|x64 = Ad-Hoc|x64
		Ad-Hoc|x86 = Ad-Hoc|x86
		AppStore|Any CPU = AppStore|Any CPU
		AppStore|ARM = AppStore|ARM
		AppStore|iPhone = AppStore|iPhone
		AppStore|iPhoneSimulator = AppStore|iPhoneSimulator
		AppStore|x64 = AppStore|x64
		AppStore|x86 = AppStore|x86
		Debug|Any CPU = Debug|Any CPU
		Debug|ARM = Debug|ARM
		Debug|iPhone = Debug|iPhone
		Debug|iPhoneSimulator = Debug|iPhoneSimulator
		Debug|x64 = Debug|x64
		Debug|x86 = Debug|x86
		Release|Any CPU = Release|Any CPU
		Release|ARM = Release|ARM
		Release|iPhone = Release|iPhone
		Release|iPhoneSimulator = Release|iPhoneSimulator
		Release|x64 = Release|x64
		Release|x86 = Release|x86
	EndGlobalSection
	GlobalSection(ProjectConfigurationPlatforms) = postSolution
		{00FCDE3C-0DA7-4B7A-9DF4-805C8BBEDFAB}.Ad-Hoc|Any CPU.ActiveCfg = Release|Any CPU
		{00FCDE3C-0DA7-4B7A-9DF4-805C8BBEDFAB}.Ad-Hoc|Any CPU.Build.0 = Release|Any CPU
		{00FCDE3C-0DA7-4B7A-9DF4-805C8BBEDFAB}.Ad-Hoc|Any CPU.Deploy.0 = Release|Any CPU
		{00FCDE3C-0DA7-4B7A-9DF4-805C8BBEDFAB}.Ad-Hoc|ARM.ActiveCfg = Release|Any CPU
		{00FCDE3C-0DA7-4B7A-9DF4-805C8BBEDFAB}.Ad-Hoc|ARM.Build.0 = Release|Any CPU
		{00FCDE3C-0DA7-4B7A-9DF4-805C8BBEDFAB}.Ad-Hoc|ARM.Deploy.0 = Release|Any CPU
		{00FCDE3C-0DA7-4B7A-9DF4-805C8BBEDFAB}.Ad-Hoc|iPhone.ActiveCfg = Release|Any CPU
		{00FCDE3C-0DA7-4B7A-9DF4-805C8BBEDFAB}.Ad-Hoc|iPhone.Build.0 = Release|Any CPU
		{00FCDE3C-0DA7-4B7A-9DF4-805C8BBEDFAB}.Ad-Hoc|iPhone.Deploy.0 = Release|Any CPU
		{00FCDE3C-0DA7-4B7A-9DF4-805C8BBEDFAB}.Ad-Hoc|iPhoneSimulator.ActiveCfg = Release|Any CPU
		{00FCDE3C-0DA7-4B7A-9DF4-805C8BBEDFAB}.Ad-Hoc|iPhoneSimulator.Build.0 = Release|Any CPU
		{00FCDE3C-0DA7-4B7A-9DF4-805C8BBEDFAB}.Ad-Hoc|iPhoneSimulator.Deploy.0 = Release|Any CPU
		{00FCDE3C-0DA7-4B7A-9DF4-805C8BBEDFAB}.Ad-Hoc|x64.ActiveCfg = Release|Any CPU
		{00FCDE3C-0DA7-4B7A-9DF4-805C8BBEDFAB}.Ad-Hoc|x64.Build.0 = Release|Any CPU
		{00FCDE3C-0DA7-4B7A-9DF4-805C8BBEDFAB}.Ad-Hoc|x64.Deploy.0 = Release|Any CPU
		{00FCDE3C-0DA7-4B7A-9DF4-805C8BBEDFAB}.Ad-Hoc|x86.ActiveCfg = Release|Any CPU
		{00FCDE3C-0DA7-4B7A-9DF4-805C8BBEDFAB}.Ad-Hoc|x86.Build.0 = Release|Any CPU
		{00FCDE3C-0DA7-4B7A-9DF4-805C8BBEDFAB}.Ad-Hoc|x86.Deploy.0 = Release|Any CPU
		{00FCDE3C-0DA7-4B7A-9DF4-805C8BBEDFAB}.AppStore|Any CPU.ActiveCfg = Release|Any CPU
		{00FCDE3C-0DA7-4B7A-9DF4-805C8BBEDFAB}.AppStore|Any CPU.Build.0 = Release|Any CPU
		{00FCDE3C-0DA7-4B7A-9DF4-805C8BBEDFAB}.AppStore|Any CPU.Deploy.0 = Release|Any CPU
		{00FCDE3C-0DA7-4B7A-9DF4-805C8BBEDFAB}.AppStore|ARM.ActiveCfg = Release|Any CPU
		{00FCDE3C-0DA7-4B7A-9DF4-805C8BBEDFAB}.AppStore|ARM.Build.0 = Release|Any CPU
		{00FCDE3C-0DA7-4B7A-9DF4-805C8BBEDFAB}.AppStore|ARM.Deploy.0 = Release|Any CPU
		{00FCDE3C-0DA7-4B7A-9DF4-805C8BBEDFAB}.AppStore|iPhone.ActiveCfg = Release|Any CPU
		{00FCDE3C-0DA7-4B7A-9DF4-805C8BBEDFAB}.AppStore|iPhone.Build.0 = Release|Any CPU
		{00FCDE3C-0DA7-4B7A-9DF4-805C8BBEDFAB}.AppStore|iPhone.Deploy.0 = Release|Any CPU
		{00FCDE3C-0DA7-4B7A-9DF4-805C8BBEDFAB}.AppStore|iPhoneSimulator.ActiveCfg = Release|Any CPU
		{00FCDE3C-0DA7-4B7A-9DF4-805C8BBEDFAB}.AppStore|iPhoneSimulator.Build.0 = Release|Any CPU
		{00FCDE3C-0DA7-4B7A-9DF4-805C8BBEDFAB}.AppStore|iPhoneSimulator.Deploy.0 = Release|Any CPU
		{00FCDE3C-0DA7-4B7A-9DF4-805C8BBEDFAB}.AppStore|x64.ActiveCfg = Release|Any CPU
		{00FCDE3C-0DA7-4B7A-9DF4-805C8BBEDFAB}.AppStore|x64.Build.0 = Release|Any CPU
		{00FCDE3C-0DA7-4B7A-9DF4-805C8BBEDFAB}.AppStore|x64.Deploy.0 = Release|Any CPU
		{00FCDE3C-0DA7-4B7A-9DF4-805C8BBEDFAB}.AppStore|x86.ActiveCfg = Release|Any CPU
		{00FCDE3C-0DA7-4B7A-9DF4-805C8BBEDFAB}.AppStore|x86.Build.0 = Release|Any CPU
		{00FCDE3C-0DA7-4B7A-9DF4-805C8BBEDFAB}.AppStore|x86.Deploy.0 = Release|Any CPU
		{00FCDE3C-0DA7-4B7A-9DF4-805C8BBEDFAB}.Debug|Any CPU.ActiveCfg = Debug|Any CPU
		{00FCDE3C-0DA7-4B7A-9DF4-805C8BBEDFAB}.Debug|Any CPU.Build.0 = Debug|Any CPU
		{00FCDE3C-0DA7-4B7A-9DF4-805C8BBEDFAB}.Debug|Any CPU.Deploy.0 = Debug|Any CPU
		{00FCDE3C-0DA7-4B7A-9DF4-805C8BBEDFAB}.Debug|ARM.ActiveCfg = Debug|Any CPU
		{00FCDE3C-0DA7-4B7A-9DF4-805C8BBEDFAB}.Debug|ARM.Build.0 = Debug|Any CPU
		{00FCDE3C-0DA7-4B7A-9DF4-805C8BBEDFAB}.Debug|ARM.Deploy.0 = Debug|Any CPU
		{00FCDE3C-0DA7-4B7A-9DF4-805C8BBEDFAB}.Debug|iPhone.ActiveCfg = Debug|Any CPU
		{00FCDE3C-0DA7-4B7A-9DF4-805C8BBEDFAB}.Debug|iPhone.Build.0 = Debug|Any CPU
		{00FCDE3C-0DA7-4B7A-9DF4-805C8BBEDFAB}.Debug|iPhone.Deploy.0 = Debug|Any CPU
		{00FCDE3C-0DA7-4B7A-9DF4-805C8BBEDFAB}.Debug|iPhoneSimulator.ActiveCfg = Debug|Any CPU
		{00FCDE3C-0DA7-4B7A-9DF4-805C8BBEDFAB}.Debug|iPhoneSimulator.Build.0 = Debug|Any CPU
		{00FCDE3C-0DA7-4B7A-9DF4-805C8BBEDFAB}.Debug|iPhoneSimulator.Deploy.0 = Debug|Any CPU
		{00FCDE3C-0DA7-4B7A-9DF4-805C8BBEDFAB}.Debug|x64.ActiveCfg = Debug|Any CPU
		{00FCDE3C-0DA7-4B7A-9DF4-805C8BBEDFAB}.Debug|x64.Build.0 = Debug|Any CPU
		{00FCDE3C-0DA7-4B7A-9DF4-805C8BBEDFAB}.Debug|x64.Deploy.0 = Debug|Any CPU
		{00FCDE3C-0DA7-4B7A-9DF4-805C8BBEDFAB}.Debug|x86.ActiveCfg = Debug|Any CPU
		{00FCDE3C-0DA7-4B7A-9DF4-805C8BBEDFAB}.Debug|x86.Build.0 = Debug|Any CPU
		{00FCDE3C-0DA7-4B7A-9DF4-805C8BBEDFAB}.Debug|x86.Deploy.0 = Debug|Any CPU
		{00FCDE3C-0DA7-4B7A-9DF4-805C8BBEDFAB}.Release|Any CPU.ActiveCfg = Release|Any CPU
		{00FCDE3C-0DA7-4B7A-9DF4-805C8BBEDFAB}.Release|Any CPU.Build.0 = Release|Any CPU
		{00FCDE3C-0DA7-4B7A-9DF4-805C8BBEDFAB}.Release|Any CPU.Deploy.0 = Release|Any CPU
		{00FCDE3C-0DA7-4B7A-9DF4-805C8BBEDFAB}.Release|ARM.ActiveCfg = Release|Any CPU
		{00FCDE3C-0DA7-4B7A-9DF4-805C8BBEDFAB}.Release|ARM.Build.0 = Release|Any CPU
		{00FCDE3C-0DA7-4B7A-9DF4-805C8BBEDFAB}.Release|ARM.Deploy.0 = Release|Any CPU
		{00FCDE3C-0DA7-4B7A-9DF4-805C8BBEDFAB}.Release|iPhone.ActiveCfg = Release|Any CPU
		{00FCDE3C-0DA7-4B7A-9DF4-805C8BBEDFAB}.Release|iPhone.Build.0 = Release|Any CPU
		{00FCDE3C-0DA7-4B7A-9DF4-805C8BBEDFAB}.Release|iPhone.Deploy.0 = Release|Any CPU
		{00FCDE3C-0DA7-4B7A-9DF4-805C8BBEDFAB}.Release|iPhoneSimulator.ActiveCfg = Release|Any CPU
		{00FCDE3C-0DA7-4B7A-9DF4-805C8BBEDFAB}.Release|iPhoneSimulator.Build.0 = Release|Any CPU
		{00FCDE3C-0DA7-4B7A-9DF4-805C8BBEDFAB}.Release|iPhoneSimulator.Deploy.0 = Release|Any CPU
		{00FCDE3C-0DA7-4B7A-9DF4-805C8BBEDFAB}.Release|x64.ActiveCfg = Release|Any CPU
		{00FCDE3C-0DA7-4B7A-9DF4-805C8BBEDFAB}.Release|x64.Build.0 = Release|Any CPU
		{00FCDE3C-0DA7-4B7A-9DF4-805C8BBEDFAB}.Release|x64.Deploy.0 = Release|Any CPU
		{00FCDE3C-0DA7-4B7A-9DF4-805C8BBEDFAB}.Release|x86.ActiveCfg = Release|Any CPU
		{00FCDE3C-0DA7-4B7A-9DF4-805C8BBEDFAB}.Release|x86.Build.0 = Release|Any CPU
		{00FCDE3C-0DA7-4B7A-9DF4-805C8BBEDFAB}.Release|x86.Deploy.0 = Release|Any CPU
		{25E17494-5B01-46AB-9CB1-996F11644250}.Ad-Hoc|Any CPU.ActiveCfg = Ad-Hoc|iPhoneSimulator
		{25E17494-5B01-46AB-9CB1-996F11644250}.Ad-Hoc|ARM.ActiveCfg = Ad-Hoc|iPhone
		{25E17494-5B01-46AB-9CB1-996F11644250}.Ad-Hoc|iPhone.ActiveCfg = Ad-Hoc|iPhone
		{25E17494-5B01-46AB-9CB1-996F11644250}.Ad-Hoc|iPhone.Build.0 = Ad-Hoc|iPhone
		{25E17494-5B01-46AB-9CB1-996F11644250}.Ad-Hoc|iPhoneSimulator.ActiveCfg = Ad-Hoc|iPhoneSimulator
		{25E17494-5B01-46AB-9CB1-996F11644250}.Ad-Hoc|iPhoneSimulator.Build.0 = Ad-Hoc|iPhoneSimulator
		{25E17494-5B01-46AB-9CB1-996F11644250}.Ad-Hoc|x64.ActiveCfg = Ad-Hoc|iPhone
		{25E17494-5B01-46AB-9CB1-996F11644250}.Ad-Hoc|x86.ActiveCfg = Ad-Hoc|iPhone
		{25E17494-5B01-46AB-9CB1-996F11644250}.AppStore|Any CPU.ActiveCfg = AppStore|iPhoneSimulator
		{25E17494-5B01-46AB-9CB1-996F11644250}.AppStore|ARM.ActiveCfg = AppStore|iPhone
		{25E17494-5B01-46AB-9CB1-996F11644250}.AppStore|iPhone.ActiveCfg = AppStore|iPhone
		{25E17494-5B01-46AB-9CB1-996F11644250}.AppStore|iPhone.Build.0 = AppStore|iPhone
		{25E17494-5B01-46AB-9CB1-996F11644250}.AppStore|iPhoneSimulator.ActiveCfg = AppStore|iPhoneSimulator
		{25E17494-5B01-46AB-9CB1-996F11644250}.AppStore|iPhoneSimulator.Build.0 = AppStore|iPhoneSimulator
		{25E17494-5B01-46AB-9CB1-996F11644250}.AppStore|x64.ActiveCfg = AppStore|iPhone
		{25E17494-5B01-46AB-9CB1-996F11644250}.AppStore|x86.ActiveCfg = AppStore|iPhone
		{25E17494-5B01-46AB-9CB1-996F11644250}.Debug|Any CPU.ActiveCfg = Debug|iPhoneSimulator
		{25E17494-5B01-46AB-9CB1-996F11644250}.Debug|ARM.ActiveCfg = Debug|iPhone
		{25E17494-5B01-46AB-9CB1-996F11644250}.Debug|iPhone.ActiveCfg = Debug|iPhone
		{25E17494-5B01-46AB-9CB1-996F11644250}.Debug|iPhone.Build.0 = Debug|iPhone
		{25E17494-5B01-46AB-9CB1-996F11644250}.Debug|iPhoneSimulator.ActiveCfg = Debug|iPhoneSimulator
		{25E17494-5B01-46AB-9CB1-996F11644250}.Debug|iPhoneSimulator.Build.0 = Debug|iPhoneSimulator
		{25E17494-5B01-46AB-9CB1-996F11644250}.Debug|x64.ActiveCfg = Debug|iPhone
		{25E17494-5B01-46AB-9CB1-996F11644250}.Debug|x86.ActiveCfg = Debug|iPhone
		{25E17494-5B01-46AB-9CB1-996F11644250}.Release|Any CPU.ActiveCfg = Release|iPhoneSimulator
		{25E17494-5B01-46AB-9CB1-996F11644250}.Release|ARM.ActiveCfg = Release|iPhone
		{25E17494-5B01-46AB-9CB1-996F11644250}.Release|iPhone.ActiveCfg = Release|iPhone
		{25E17494-5B01-46AB-9CB1-996F11644250}.Release|iPhone.Build.0 = Release|iPhone
		{25E17494-5B01-46AB-9CB1-996F11644250}.Release|iPhoneSimulator.ActiveCfg = Release|iPhoneSimulator
		{25E17494-5B01-46AB-9CB1-996F11644250}.Release|iPhoneSimulator.Build.0 = Release|iPhoneSimulator
		{25E17494-5B01-46AB-9CB1-996F11644250}.Release|x64.ActiveCfg = Release|iPhone
		{25E17494-5B01-46AB-9CB1-996F11644250}.Release|x86.ActiveCfg = Release|iPhone
		{75772F86-7C8A-4900-B513-0ECB16F83744}.Ad-Hoc|Any CPU.ActiveCfg = Release|x86
		{75772F86-7C8A-4900-B513-0ECB16F83744}.Ad-Hoc|Any CPU.Build.0 = Release|x86
		{75772F86-7C8A-4900-B513-0ECB16F83744}.Ad-Hoc|Any CPU.Deploy.0 = Release|x86
		{75772F86-7C8A-4900-B513-0ECB16F83744}.Ad-Hoc|ARM.ActiveCfg = Release|ARM
		{75772F86-7C8A-4900-B513-0ECB16F83744}.Ad-Hoc|ARM.Build.0 = Release|ARM
		{75772F86-7C8A-4900-B513-0ECB16F83744}.Ad-Hoc|ARM.Deploy.0 = Release|ARM
		{75772F86-7C8A-4900-B513-0ECB16F83744}.Ad-Hoc|iPhone.ActiveCfg = Release|x86
		{75772F86-7C8A-4900-B513-0ECB16F83744}.Ad-Hoc|iPhone.Build.0 = Release|x86
		{75772F86-7C8A-4900-B513-0ECB16F83744}.Ad-Hoc|iPhone.Deploy.0 = Release|x86
		{75772F86-7C8A-4900-B513-0ECB16F83744}.Ad-Hoc|iPhoneSimulator.ActiveCfg = Release|x86
		{75772F86-7C8A-4900-B513-0ECB16F83744}.Ad-Hoc|iPhoneSimulator.Build.0 = Release|x86
		{75772F86-7C8A-4900-B513-0ECB16F83744}.Ad-Hoc|iPhoneSimulator.Deploy.0 = Release|x86
		{75772F86-7C8A-4900-B513-0ECB16F83744}.Ad-Hoc|x64.ActiveCfg = Release|x64
		{75772F86-7C8A-4900-B513-0ECB16F83744}.Ad-Hoc|x64.Build.0 = Release|x64
		{75772F86-7C8A-4900-B513-0ECB16F83744}.Ad-Hoc|x64.Deploy.0 = Release|x64
		{75772F86-7C8A-4900-B513-0ECB16F83744}.Ad-Hoc|x86.ActiveCfg = Release|x86
		{75772F86-7C8A-4900-B513-0ECB16F83744}.Ad-Hoc|x86.Build.0 = Release|x86
		{75772F86-7C8A-4900-B513-0ECB16F83744}.Ad-Hoc|x86.Deploy.0 = Release|x86
		{75772F86-7C8A-4900-B513-0ECB16F83744}.AppStore|Any CPU.ActiveCfg = Release|x86
		{75772F86-7C8A-4900-B513-0ECB16F83744}.AppStore|Any CPU.Build.0 = Release|x86
		{75772F86-7C8A-4900-B513-0ECB16F83744}.AppStore|Any CPU.Deploy.0 = Release|x86
		{75772F86-7C8A-4900-B513-0ECB16F83744}.AppStore|ARM.ActiveCfg = Release|ARM
		{75772F86-7C8A-4900-B513-0ECB16F83744}.AppStore|ARM.Build.0 = Release|ARM
		{75772F86-7C8A-4900-B513-0ECB16F83744}.AppStore|ARM.Deploy.0 = Release|ARM
		{75772F86-7C8A-4900-B513-0ECB16F83744}.AppStore|iPhone.ActiveCfg = Release|x86
		{75772F86-7C8A-4900-B513-0ECB16F83744}.AppStore|iPhone.Build.0 = Release|x86
		{75772F86-7C8A-4900-B513-0ECB16F83744}.AppStore|iPhone.Deploy.0 = Release|x86
		{75772F86-7C8A-4900-B513-0ECB16F83744}.AppStore|iPhoneSimulator.ActiveCfg = Release|x86
		{75772F86-7C8A-4900-B513-0ECB16F83744}.AppStore|iPhoneSimulator.Build.0 = Release|x86
		{75772F86-7C8A-4900-B513-0ECB16F83744}.AppStore|iPhoneSimulator.Deploy.0 = Release|x86
		{75772F86-7C8A-4900-B513-0ECB16F83744}.AppStore|x64.ActiveCfg = Release|x64
		{75772F86-7C8A-4900-B513-0ECB16F83744}.AppStore|x64.Build.0 = Release|x64
		{75772F86-7C8A-4900-B513-0ECB16F83744}.AppStore|x64.Deploy.0 = Release|x64
		{75772F86-7C8A-4900-B513-0ECB16F83744}.AppStore|x86.ActiveCfg = Release|x86
		{75772F86-7C8A-4900-B513-0ECB16F83744}.AppStore|x86.Build.0 = Release|x86
		{75772F86-7C8A-4900-B513-0ECB16F83744}.AppStore|x86.Deploy.0 = Release|x86
		{75772F86-7C8A-4900-B513-0ECB16F83744}.Debug|Any CPU.ActiveCfg = Debug|x86
		{75772F86-7C8A-4900-B513-0ECB16F83744}.Debug|ARM.ActiveCfg = Debug|ARM
		{75772F86-7C8A-4900-B513-0ECB16F83744}.Debug|ARM.Build.0 = Debug|ARM
		{75772F86-7C8A-4900-B513-0ECB16F83744}.Debug|ARM.Deploy.0 = Debug|ARM
		{75772F86-7C8A-4900-B513-0ECB16F83744}.Debug|iPhone.ActiveCfg = Debug|x86
		{75772F86-7C8A-4900-B513-0ECB16F83744}.Debug|iPhoneSimulator.ActiveCfg = Debug|x86
		{75772F86-7C8A-4900-B513-0ECB16F83744}.Debug|x64.ActiveCfg = Debug|x64
		{75772F86-7C8A-4900-B513-0ECB16F83744}.Debug|x64.Build.0 = Debug|x64
		{75772F86-7C8A-4900-B513-0ECB16F83744}.Debug|x64.Deploy.0 = Debug|x64
		{75772F86-7C8A-4900-B513-0ECB16F83744}.Debug|x86.ActiveCfg = Debug|x86
		{75772F86-7C8A-4900-B513-0ECB16F83744}.Debug|x86.Build.0 = Debug|x86
		{75772F86-7C8A-4900-B513-0ECB16F83744}.Debug|x86.Deploy.0 = Debug|x86
		{75772F86-7C8A-4900-B513-0ECB16F83744}.Release|Any CPU.ActiveCfg = Release|x86
		{75772F86-7C8A-4900-B513-0ECB16F83744}.Release|ARM.ActiveCfg = Release|ARM
		{75772F86-7C8A-4900-B513-0ECB16F83744}.Release|ARM.Build.0 = Release|ARM
		{75772F86-7C8A-4900-B513-0ECB16F83744}.Release|ARM.Deploy.0 = Release|ARM
		{75772F86-7C8A-4900-B513-0ECB16F83744}.Release|iPhone.ActiveCfg = Release|x86
		{75772F86-7C8A-4900-B513-0ECB16F83744}.Release|iPhoneSimulator.ActiveCfg = Release|x86
		{75772F86-7C8A-4900-B513-0ECB16F83744}.Release|x64.ActiveCfg = Release|x64
		{75772F86-7C8A-4900-B513-0ECB16F83744}.Release|x64.Build.0 = Release|x64
		{75772F86-7C8A-4900-B513-0ECB16F83744}.Release|x64.Deploy.0 = Release|x64
		{75772F86-7C8A-4900-B513-0ECB16F83744}.Release|x86.ActiveCfg = Release|x86
		{75772F86-7C8A-4900-B513-0ECB16F83744}.Release|x86.Build.0 = Release|x86
		{75772F86-7C8A-4900-B513-0ECB16F83744}.Release|x86.Deploy.0 = Release|x86
	EndGlobalSection
	GlobalSection(SolutionProperties) = preSolution
		HideSolutionNode = FALSE
	EndGlobalSection
	GlobalSection(ExtensibilityGlobals) = postSolution
		SolutionGuid = {B08577B6-1127-4C5A-A2F7-5CC6244F48C0}
	EndGlobalSection
EndGlobal
