
Microsoft Visual Studio Solution File, Format Version 12.00
# Visual Studio 15
VisualStudioVersion = 15.0.27004.2002
MinimumVisualStudioVersion = 10.0.40219.1
Project("{FAE04EC0-301F-11D3-BF4B-00C04F79EFBC}") = "RealmDB.Android", "RealmDB\RealmDB.Android\RealmDB.Android.csproj", "{632B3D60-7539-4764-8E34-E2E3CB24F681}"
EndProject
Project("{FAE04EC0-301F-11D3-BF4B-00C04F79EFBC}") = "RealmDB", "RealmDB\RealmDB\RealmDB.csproj", "{1ADB5535-F53C-4B5E-9FFC-554FBB5396FF}"
EndProject
Project("{FAE04EC0-301F-11D3-BF4B-00C04F79EFBC}") = "RealmDB.UWP", "RealmDB\RealmDB.UWP\RealmDB.UWP.csproj", "{EB9B2F7B-F294-4CCA-962B-4CBC0716C0A0}"
EndProject
Project("{FAE04EC0-301F-11D3-BF4B-00C04F79EFBC}") = "RealmDB.iOS", "RealmDB\RealmDB.iOS\RealmDB.iOS.csproj", "{0ED0A3FC-C7DA-417F-978E-85C72EBB65AB}"
EndProject
Global
	GlobalSection(SolutionConfigurationPlatforms) = preSolution
		Ad-Hoc|Any CPU = Ad-Hoc|Any CPU
		Ad-Hoc|ARM = Ad-Hoc|ARM
		Ad-Hoc|iPhone = Ad-Hoc|iPhone
		Ad-Hoc|iPhoneSimulator = Ad-Hoc|iPhoneSimulator
		Ad-Hoc|x64 = Ad-Hoc|x64
		Ad-Hoc|x86 = Ad-Hoc|x86
		AppStore|Any CPU = AppStore|Any CPU
		AppStore|ARM = AppStore|ARM
		AppStore|iPhone = AppStore|iPhone
		AppStore|iPhoneSimulator = AppStore|iPhoneSimulator
		AppStore|x64 = AppStore|x64
		AppStore|x86 = AppStore|x86
		Debug|Any CPU = Debug|Any CPU
		Debug|ARM = Debug|ARM
		Debug|iPhone = Debug|iPhone
		Debug|iPhoneSimulator = Debug|iPhoneSimulator
		Debug|x64 = Debug|x64
		Debug|x86 = Debug|x86
		Release|Any CPU = Release|Any CPU
		Release|ARM = Release|ARM
		Release|iPhone = Release|iPhone
		Release|iPhoneSimulator = Release|iPhoneSimulator
		Release|x64 = Release|x64
		Release|x86 = Release|x86
	EndGlobalSection
	GlobalSection(ProjectConfigurationPlatforms) = postSolution
		{632B3D60-7539-4764-8E34-E2E3CB24F681}.Ad-Hoc|Any CPU.ActiveCfg = Release|Any CPU
		{632B3D60-7539-4764-8E34-E2E3CB24F681}.Ad-Hoc|Any CPU.Build.0 = Release|Any CPU
		{632B3D60-7539-4764-8E34-E2E3CB24F681}.Ad-Hoc|Any CPU.Deploy.0 = Release|Any CPU
		{632B3D60-7539-4764-8E34-E2E3CB24F681}.Ad-Hoc|ARM.ActiveCfg = Release|Any CPU
		{632B3D60-7539-4764-8E34-E2E3CB24F681}.Ad-Hoc|ARM.Build.0 = Release|Any CPU
		{632B3D60-7539-4764-8E34-E2E3CB24F681}.Ad-Hoc|ARM.Deploy.0 = Release|Any CPU
		{632B3D60-7539-4764-8E34-E2E3CB24F681}.Ad-Hoc|iPhone.ActiveCfg = Release|Any CPU
		{632B3D60-7539-4764-8E34-E2E3CB24F681}.Ad-Hoc|iPhone.Build.0 = Release|Any CPU
		{632B3D60-7539-4764-8E34-E2E3CB24F681}.Ad-Hoc|iPhone.Deploy.0 = Release|Any CPU
		{632B3D60-7539-4764-8E34-E2E3CB24F681}.Ad-Hoc|iPhoneSimulator.ActiveCfg = Release|Any CPU
		{632B3D60-7539-4764-8E34-E2E3CB24F681}.Ad-Hoc|iPhoneSimulator.Build.0 = Release|Any CPU
		{632B3D60-7539-4764-8E34-E2E3CB24F681}.Ad-Hoc|iPhoneSimulator.Deploy.0 = Release|Any CPU
		{632B3D60-7539-4764-8E34-E2E3CB24F681}.Ad-Hoc|x64.ActiveCfg = Release|Any CPU
		{632B3D60-7539-4764-8E34-E2E3CB24F681}.Ad-Hoc|x64.Build.0 = Release|Any CPU
		{632B3D60-7539-4764-8E34-E2E3CB24F681}.Ad-Hoc|x64.Deploy.0 = Release|Any CPU
		{632B3D60-7539-4764-8E34-E2E3CB24F681}.Ad-Hoc|x86.ActiveCfg = Release|Any CPU
		{632B3D60-7539-4764-8E34-E2E3CB24F681}.Ad-Hoc|x86.Build.0 = Release|Any CPU
		{632B3D60-7539-4764-8E34-E2E3CB24F681}.Ad-Hoc|x86.Deploy.0 = Release|Any CPU
		{632B3D60-7539-4764-8E34-E2E3CB24F681}.AppStore|Any CPU.ActiveCfg = Release|Any CPU
		{632B3D60-7539-4764-8E34-E2E3CB24F681}.AppStore|Any CPU.Build.0 = Release|Any CPU
		{632B3D60-7539-4764-8E34-E2E3CB24F681}.AppStore|Any CPU.Deploy.0 = Release|Any CPU
		{632B3D60-7539-4764-8E34-E2E3CB24F681}.AppStore|ARM.ActiveCfg = Release|Any CPU
		{632B3D60-7539-4764-8E34-E2E3CB24F681}.AppStore|ARM.Build.0 = Release|Any CPU
		{632B3D60-7539-4764-8E34-E2E3CB24F681}.AppStore|ARM.Deploy.0 = Release|Any CPU
		{632B3D60-7539-4764-8E34-E2E3CB24F681}.AppStore|iPhone.ActiveCfg = Release|Any CPU
		{632B3D60-7539-4764-8E34-E2E3CB24F681}.AppStore|iPhone.Build.0 = Release|Any CPU
		{632B3D60-7539-4764-8E34-E2E3CB24F681}.AppStore|iPhone.Deploy.0 = Release|Any CPU
		{632B3D60-7539-4764-8E34-E2E3CB24F681}.AppStore|iPhoneSimulator.ActiveCfg = Release|Any CPU
		{632B3D60-7539-4764-8E34-E2E3CB24F681}.AppStore|iPhoneSimulator.Build.0 = Release|Any CPU
		{632B3D60-7539-4764-8E34-E2E3CB24F681}.AppStore|iPhoneSimulator.Deploy.0 = Release|Any CPU
		{632B3D60-7539-4764-8E34-E2E3CB24F681}.AppStore|x64.ActiveCfg = Release|Any CPU
		{632B3D60-7539-4764-8E34-E2E3CB24F681}.AppStore|x64.Build.0 = Release|Any CPU
		{632B3D60-7539-4764-8E34-E2E3CB24F681}.AppStore|x64.Deploy.0 = Release|Any CPU
		{632B3D60-7539-4764-8E34-E2E3CB24F681}.AppStore|x86.ActiveCfg = Release|Any CPU
		{632B3D60-7539-4764-8E34-E2E3CB24F681}.AppStore|x86.Build.0 = Release|Any CPU
		{632B3D60-7539-4764-8E34-E2E3CB24F681}.AppStore|x86.Deploy.0 = Release|Any CPU
		{632B3D60-7539-4764-8E34-E2E3CB24F681}.Debug|Any CPU.ActiveCfg = Debug|Any CPU
		{632B3D60-7539-4764-8E34-E2E3CB24F681}.Debug|Any CPU.Build.0 = Debug|Any CPU
		{632B3D60-7539-4764-8E34-E2E3CB24F681}.Debug|Any CPU.Deploy.0 = Debug|Any CPU
		{632B3D60-7539-4764-8E34-E2E3CB24F681}.Debug|ARM.ActiveCfg = Debug|Any CPU
		{632B3D60-7539-4764-8E34-E2E3CB24F681}.Debug|ARM.Build.0 = Debug|Any CPU
		{632B3D60-7539-4764-8E34-E2E3CB24F681}.Debug|ARM.Deploy.0 = Debug|Any CPU
		{632B3D60-7539-4764-8E34-E2E3CB24F681}.Debug|iPhone.ActiveCfg = Debug|Any CPU
		{632B3D60-7539-4764-8E34-E2E3CB24F681}.Debug|iPhone.Build.0 = Debug|Any CPU
		{632B3D60-7539-4764-8E34-E2E3CB24F681}.Debug|iPhone.Deploy.0 = Debug|Any CPU
		{632B3D60-7539-4764-8E34-E2E3CB24F681}.Debug|iPhoneSimulator.ActiveCfg = Debug|Any CPU
		{632B3D60-7539-4764-8E34-E2E3CB24F681}.Debug|iPhoneSimulator.Build.0 = Debug|Any CPU
		{632B3D60-7539-4764-8E34-E2E3CB24F681}.Debug|iPhoneSimulator.Deploy.0 = Debug|Any CPU
		{632B3D60-7539-4764-8E34-E2E3CB24F681}.Debug|x64.ActiveCfg = Debug|Any CPU
		{632B3D60-7539-4764-8E34-E2E3CB24F681}.Debug|x64.Build.0 = Debug|Any CPU
		{632B3D60-7539-4764-8E34-E2E3CB24F681}.Debug|x64.Deploy.0 = Debug|Any CPU
		{632B3D60-7539-4764-8E34-E2E3CB24F681}.Debug|x86.ActiveCfg = Debug|Any CPU
		{632B3D60-7539-4764-8E34-E2E3CB24F681}.Debug|x86.Build.0 = Debug|Any CPU
		{632B3D60-7539-4764-8E34-E2E3CB24F681}.Debug|x86.Deploy.0 = Debug|Any CPU
		{632B3D60-7539-4764-8E34-E2E3CB24F681}.Release|Any CPU.ActiveCfg = Release|Any CPU
		{632B3D60-7539-4764-8E34-E2E3CB24F681}.Release|Any CPU.Build.0 = Release|Any CPU
		{632B3D60-7539-4764-8E34-E2E3CB24F681}.Release|Any CPU.Deploy.0 = Release|Any CPU
		{632B3D60-7539-4764-8E34-E2E3CB24F681}.Release|ARM.ActiveCfg = Release|Any CPU
		{632B3D60-7539-4764-8E34-E2E3CB24F681}.Release|ARM.Build.0 = Release|Any CPU
		{632B3D60-7539-4764-8E34-E2E3CB24F681}.Release|ARM.Deploy.0 = Release|Any CPU
		{632B3D60-7539-4764-8E34-E2E3CB24F681}.Release|iPhone.ActiveCfg = Release|Any CPU
		{632B3D60-7539-4764-8E34-E2E3CB24F681}.Release|iPhone.Build.0 = Release|Any CPU
		{632B3D60-7539-4764-8E34-E2E3CB24F681}.Release|iPhone.Deploy.0 = Release|Any CPU
		{632B3D60-7539-4764-8E34-E2E3CB24F681}.Release|iPhoneSimulator.ActiveCfg = Release|Any CPU
		{632B3D60-7539-4764-8E34-E2E3CB24F681}.Release|iPhoneSimulator.Build.0 = Release|Any CPU
		{632B3D60-7539-4764-8E34-E2E3CB24F681}.Release|iPhoneSimulator.Deploy.0 = Release|Any CPU
		{632B3D60-7539-4764-8E34-E2E3CB24F681}.Release|x64.ActiveCfg = Release|Any CPU
		{632B3D60-7539-4764-8E34-E2E3CB24F681}.Release|x64.Build.0 = Release|Any CPU
		{632B3D60-7539-4764-8E34-E2E3CB24F681}.Release|x64.Deploy.0 = Release|Any CPU
		{632B3D60-7539-4764-8E34-E2E3CB24F681}.Release|x86.ActiveCfg = Release|Any CPU
		{632B3D60-7539-4764-8E34-E2E3CB24F681}.Release|x86.Build.0 = Release|Any CPU
		{632B3D60-7539-4764-8E34-E2E3CB24F681}.Release|x86.Deploy.0 = Release|Any CPU
		{1ADB5535-F53C-4B5E-9FFC-554FBB5396FF}.Ad-Hoc|Any CPU.ActiveCfg = Release|Any CPU
		{1ADB5535-F53C-4B5E-9FFC-554FBB5396FF}.Ad-Hoc|Any CPU.Build.0 = Release|Any CPU
		{1ADB5535-F53C-4B5E-9FFC-554FBB5396FF}.Ad-Hoc|ARM.ActiveCfg = Release|Any CPU
		{1ADB5535-F53C-4B5E-9FFC-554FBB5396FF}.Ad-Hoc|ARM.Build.0 = Release|Any CPU
		{1ADB5535-F53C-4B5E-9FFC-554FBB5396FF}.Ad-Hoc|iPhone.ActiveCfg = Release|Any CPU
		{1ADB5535-F53C-4B5E-9FFC-554FBB5396FF}.Ad-Hoc|iPhone.Build.0 = Release|Any CPU
		{1ADB5535-F53C-4B5E-9FFC-554FBB5396FF}.Ad-Hoc|iPhoneSimulator.ActiveCfg = Release|Any CPU
		{1ADB5535-F53C-4B5E-9FFC-554FBB5396FF}.Ad-Hoc|iPhoneSimulator.Build.0 = Release|Any CPU
		{1ADB5535-F53C-4B5E-9FFC-554FBB5396FF}.Ad-Hoc|x64.ActiveCfg = Release|Any CPU
		{1ADB5535-F53C-4B5E-9FFC-554FBB5396FF}.Ad-Hoc|x64.Build.0 = Release|Any CPU
		{1ADB5535-F53C-4B5E-9FFC-554FBB5396FF}.Ad-Hoc|x86.ActiveCfg = Release|Any CPU
		{1ADB5535-F53C-4B5E-9FFC-554FBB5396FF}.Ad-Hoc|x86.Build.0 = Release|Any CPU
		{1ADB5535-F53C-4B5E-9FFC-554FBB5396FF}.AppStore|Any CPU.ActiveCfg = Release|Any CPU
		{1ADB5535-F53C-4B5E-9FFC-554FBB5396FF}.AppStore|Any CPU.Build.0 = Release|Any CPU
		{1ADB5535-F53C-4B5E-9FFC-554FBB5396FF}.AppStore|ARM.ActiveCfg = Release|Any CPU
		{1ADB5535-F53C-4B5E-9FFC-554FBB5396FF}.AppStore|ARM.Build.0 = Release|Any CPU
		{1ADB5535-F53C-4B5E-9FFC-554FBB5396FF}.AppStore|iPhone.ActiveCfg = Release|Any CPU
		{1ADB5535-F53C-4B5E-9FFC-554FBB5396FF}.AppStore|iPhone.Build.0 = Release|Any CPU
		{1ADB5535-F53C-4B5E-9FFC-554FBB5396FF}.AppStore|iPhoneSimulator.ActiveCfg = Release|Any CPU
		{1ADB5535-F53C-4B5E-9FFC-554FBB5396FF}.AppStore|iPhoneSimulator.Build.0 = Release|Any CPU
		{1ADB5535-F53C-4B5E-9FFC-554FBB5396FF}.AppStore|x64.ActiveCfg = Release|Any CPU
		{1ADB5535-F53C-4B5E-9FFC-554FBB5396FF}.AppStore|x64.Build.0 = Release|Any CPU
		{1ADB5535-F53C-4B5E-9FFC-554FBB5396FF}.AppStore|x86.ActiveCfg = Release|Any CPU
		{1ADB5535-F53C-4B5E-9FFC-554FBB5396FF}.AppStore|x86.Build.0 = Release|Any CPU
		{1ADB5535-F53C-4B5E-9FFC-554FBB5396FF}.Debug|Any CPU.ActiveCfg = Debug|Any CPU
		{1ADB5535-F53C-4B5E-9FFC-554FBB5396FF}.Debug|Any CPU.Build.0 = Debug|Any CPU
		{1ADB5535-F53C-4B5E-9FFC-554FBB5396FF}.Debug|ARM.ActiveCfg = Debug|Any CPU
		{1ADB5535-F53C-4B5E-9FFC-554FBB5396FF}.Debug|ARM.Build.0 = Debug|Any CPU
		{1ADB5535-F53C-4B5E-9FFC-554FBB5396FF}.Debug|iPhone.ActiveCfg = Debug|Any CPU
		{1ADB5535-F53C-4B5E-9FFC-554FBB5396FF}.Debug|iPhone.Build.0 = Debug|Any CPU
		{1ADB5535-F53C-4B5E-9FFC-554FBB5396FF}.Debug|iPhoneSimulator.ActiveCfg = Debug|Any CPU
		{1ADB5535-F53C-4B5E-9FFC-554FBB5396FF}.Debug|iPhoneSimulator.Build.0 = Debug|Any CPU
		{1ADB5535-F53C-4B5E-9FFC-554FBB5396FF}.Debug|x64.ActiveCfg = Debug|Any CPU
		{1ADB5535-F53C-4B5E-9FFC-554FBB5396FF}.Debug|x64.Build.0 = Debug|Any CPU
		{1ADB5535-F53C-4B5E-9FFC-554FBB5396FF}.Debug|x86.ActiveCfg = Debug|Any CPU
		{1ADB5535-F53C-4B5E-9FFC-554FBB5396FF}.Debug|x86.Build.0 = Debug|Any CPU
		{1ADB5535-F53C-4B5E-9FFC-554FBB5396FF}.Release|Any CPU.ActiveCfg = Release|Any CPU
		{1ADB5535-F53C-4B5E-9FFC-554FBB5396FF}.Release|Any CPU.Build.0 = Release|Any CPU
		{1ADB5535-F53C-4B5E-9FFC-554FBB5396FF}.Release|ARM.ActiveCfg = Release|Any CPU
		{1ADB5535-F53C-4B5E-9FFC-554FBB5396FF}.Release|ARM.Build.0 = Release|Any CPU
		{1ADB5535-F53C-4B5E-9FFC-554FBB5396FF}.Release|iPhone.ActiveCfg = Release|Any CPU
		{1ADB5535-F53C-4B5E-9FFC-554FBB5396FF}.Release|iPhone.Build.0 = Release|Any CPU
		{1ADB5535-F53C-4B5E-9FFC-554FBB5396FF}.Release|iPhoneSimulator.ActiveCfg = Release|Any CPU
		{1ADB5535-F53C-4B5E-9FFC-554FBB5396FF}.Release|iPhoneSimulator.Build.0 = Release|Any CPU
		{1ADB5535-F53C-4B5E-9FFC-554FBB5396FF}.Release|x64.ActiveCfg = Release|Any CPU
		{1ADB5535-F53C-4B5E-9FFC-554FBB5396FF}.Release|x64.Build.0 = Release|Any CPU
		{1ADB5535-F53C-4B5E-9FFC-554FBB5396FF}.Release|x86.ActiveCfg = Release|Any CPU
		{1ADB5535-F53C-4B5E-9FFC-554FBB5396FF}.Release|x86.Build.0 = Release|Any CPU
		{EB9B2F7B-F294-4CCA-962B-4CBC0716C0A0}.Ad-Hoc|Any CPU.ActiveCfg = Release|x86
		{EB9B2F7B-F294-4CCA-962B-4CBC0716C0A0}.Ad-Hoc|Any CPU.Build.0 = Release|x86
		{EB9B2F7B-F294-4CCA-962B-4CBC0716C0A0}.Ad-Hoc|Any CPU.Deploy.0 = Release|x86
		{EB9B2F7B-F294-4CCA-962B-4CBC0716C0A0}.Ad-Hoc|ARM.ActiveCfg = Release|ARM
		{EB9B2F7B-F294-4CCA-962B-4CBC0716C0A0}.Ad-Hoc|ARM.Build.0 = Release|ARM
		{EB9B2F7B-F294-4CCA-962B-4CBC0716C0A0}.Ad-Hoc|ARM.Deploy.0 = Release|ARM
		{EB9B2F7B-F294-4CCA-962B-4CBC0716C0A0}.Ad-Hoc|iPhone.ActiveCfg = Release|x86
		{EB9B2F7B-F294-4CCA-962B-4CBC0716C0A0}.Ad-Hoc|iPhone.Build.0 = Release|x86
		{EB9B2F7B-F294-4CCA-962B-4CBC0716C0A0}.Ad-Hoc|iPhone.Deploy.0 = Release|x86
		{EB9B2F7B-F294-4CCA-962B-4CBC0716C0A0}.Ad-Hoc|iPhoneSimulator.ActiveCfg = Release|x86
		{EB9B2F7B-F294-4CCA-962B-4CBC0716C0A0}.Ad-Hoc|iPhoneSimulator.Build.0 = Release|x86
		{EB9B2F7B-F294-4CCA-962B-4CBC0716C0A0}.Ad-Hoc|iPhoneSimulator.Deploy.0 = Release|x86
		{EB9B2F7B-F294-4CCA-962B-4CBC0716C0A0}.Ad-Hoc|x64.ActiveCfg = Release|x64
		{EB9B2F7B-F294-4CCA-962B-4CBC0716C0A0}.Ad-Hoc|x64.Build.0 = Release|x64
		{EB9B2F7B-F294-4CCA-962B-4CBC0716C0A0}.Ad-Hoc|x64.Deploy.0 = Release|x64
		{EB9B2F7B-F294-4CCA-962B-4CBC0716C0A0}.Ad-Hoc|x86.ActiveCfg = Release|x86
		{EB9B2F7B-F294-4CCA-962B-4CBC0716C0A0}.Ad-Hoc|x86.Build.0 = Release|x86
		{EB9B2F7B-F294-4CCA-962B-4CBC0716C0A0}.Ad-Hoc|x86.Deploy.0 = Release|x86
		{EB9B2F7B-F294-4CCA-962B-4CBC0716C0A0}.AppStore|Any CPU.ActiveCfg = Release|x86
		{EB9B2F7B-F294-4CCA-962B-4CBC0716C0A0}.AppStore|Any CPU.Build.0 = Release|x86
		{EB9B2F7B-F294-4CCA-962B-4CBC0716C0A0}.AppStore|Any CPU.Deploy.0 = Release|x86
		{EB9B2F7B-F294-4CCA-962B-4CBC0716C0A0}.AppStore|ARM.ActiveCfg = Release|ARM
		{EB9B2F7B-F294-4CCA-962B-4CBC0716C0A0}.AppStore|ARM.Build.0 = Release|ARM
		{EB9B2F7B-F294-4CCA-962B-4CBC0716C0A0}.AppStore|ARM.Deploy.0 = Release|ARM
		{EB9B2F7B-F294-4CCA-962B-4CBC0716C0A0}.AppStore|iPhone.ActiveCfg = Release|x86
		{EB9B2F7B-F294-4CCA-962B-4CBC0716C0A0}.AppStore|iPhone.Build.0 = Release|x86
		{EB9B2F7B-F294-4CCA-962B-4CBC0716C0A0}.AppStore|iPhone.Deploy.0 = Release|x86
		{EB9B2F7B-F294-4CCA-962B-4CBC0716C0A0}.AppStore|iPhoneSimulator.ActiveCfg = Release|x86
		{EB9B2F7B-F294-4CCA-962B-4CBC0716C0A0}.AppStore|iPhoneSimulator.Build.0 = Release|x86
		{EB9B2F7B-F294-4CCA-962B-4CBC0716C0A0}.AppStore|iPhoneSimulator.Deploy.0 = Release|x86
		{EB9B2F7B-F294-4CCA-962B-4CBC0716C0A0}.AppStore|x64.ActiveCfg = Release|x64
		{EB9B2F7B-F294-4CCA-962B-4CBC0716C0A0}.AppStore|x64.Build.0 = Release|x64
		{EB9B2F7B-F294-4CCA-962B-4CBC0716C0A0}.AppStore|x64.Deploy.0 = Release|x64
		{EB9B2F7B-F294-4CCA-962B-4CBC0716C0A0}.AppStore|x86.ActiveCfg = Release|x86
		{EB9B2F7B-F294-4CCA-962B-4CBC0716C0A0}.AppStore|x86.Build.0 = Release|x86
		{EB9B2F7B-F294-4CCA-962B-4CBC0716C0A0}.AppStore|x86.Deploy.0 = Release|x86
		{EB9B2F7B-F294-4CCA-962B-4CBC0716C0A0}.Debug|Any CPU.ActiveCfg = Debug|x86
		{EB9B2F7B-F294-4CCA-962B-4CBC0716C0A0}.Debug|ARM.ActiveCfg = Debug|ARM
		{EB9B2F7B-F294-4CCA-962B-4CBC0716C0A0}.Debug|ARM.Build.0 = Debug|ARM
		{EB9B2F7B-F294-4CCA-962B-4CBC0716C0A0}.Debug|ARM.Deploy.0 = Debug|ARM
		{EB9B2F7B-F294-4CCA-962B-4CBC0716C0A0}.Debug|iPhone.ActiveCfg = Debug|x86
		{EB9B2F7B-F294-4CCA-962B-4CBC0716C0A0}.Debug|iPhoneSimulator.ActiveCfg = Debug|x86
		{EB9B2F7B-F294-4CCA-962B-4CBC0716C0A0}.Debug|x64.ActiveCfg = Debug|x64
		{EB9B2F7B-F294-4CCA-962B-4CBC0716C0A0}.Debug|x64.Build.0 = Debug|x64
		{EB9B2F7B-F294-4CCA-962B-4CBC0716C0A0}.Debug|x64.Deploy.0 = Debug|x64
		{EB9B2F7B-F294-4CCA-962B-4CBC0716C0A0}.Debug|x86.ActiveCfg = Debug|x86
		{EB9B2F7B-F294-4CCA-962B-4CBC0716C0A0}.Debug|x86.Build.0 = Debug|x86
		{EB9B2F7B-F294-4CCA-962B-4CBC0716C0A0}.Debug|x86.Deploy.0 = Debug|x86
		{EB9B2F7B-F294-4CCA-962B-4CBC0716C0A0}.Release|Any CPU.ActiveCfg = Release|x86
		{EB9B2F7B-F294-4CCA-962B-4CBC0716C0A0}.Release|ARM.ActiveCfg = Release|ARM
		{EB9B2F7B-F294-4CCA-962B-4CBC0716C0A0}.Release|ARM.Build.0 = Release|ARM
		{EB9B2F7B-F294-4CCA-962B-4CBC0716C0A0}.Release|ARM.Deploy.0 = Release|ARM
		{EB9B2F7B-F294-4CCA-962B-4CBC0716C0A0}.Release|iPhone.ActiveCfg = Release|x86
		{EB9B2F7B-F294-4CCA-962B-4CBC0716C0A0}.Release|iPhoneSimulator.ActiveCfg = Release|x86
		{EB9B2F7B-F294-4CCA-962B-4CBC0716C0A0}.Release|x64.ActiveCfg = Release|x64
		{EB9B2F7B-F294-4CCA-962B-4CBC0716C0A0}.Release|x64.Build.0 = Release|x64
		{EB9B2F7B-F294-4CCA-962B-4CBC0716C0A0}.Release|x64.Deploy.0 = Release|x64
		{EB9B2F7B-F294-4CCA-962B-4CBC0716C0A0}.Release|x86.ActiveCfg = Release|x86
		{EB9B2F7B-F294-4CCA-962B-4CBC0716C0A0}.Release|x86.Build.0 = Release|x86
		{EB9B2F7B-F294-4CCA-962B-4CBC0716C0A0}.Release|x86.Deploy.0 = Release|x86
		{0ED0A3FC-C7DA-417F-978E-85C72EBB65AB}.Ad-Hoc|Any CPU.ActiveCfg = Ad-Hoc|iPhoneSimulator
		{0ED0A3FC-C7DA-417F-978E-85C72EBB65AB}.Ad-Hoc|ARM.ActiveCfg = Ad-Hoc|iPhone
		{0ED0A3FC-C7DA-417F-978E-85C72EBB65AB}.Ad-Hoc|iPhone.ActiveCfg = Ad-Hoc|iPhone
		{0ED0A3FC-C7DA-417F-978E-85C72EBB65AB}.Ad-Hoc|iPhone.Build.0 = Ad-Hoc|iPhone
		{0ED0A3FC-C7DA-417F-978E-85C72EBB65AB}.Ad-Hoc|iPhoneSimulator.ActiveCfg = Ad-Hoc|iPhoneSimulator
		{0ED0A3FC-C7DA-417F-978E-85C72EBB65AB}.Ad-Hoc|iPhoneSimulator.Build.0 = Ad-Hoc|iPhoneSimulator
		{0ED0A3FC-C7DA-417F-978E-85C72EBB65AB}.Ad-Hoc|x64.ActiveCfg = Ad-Hoc|iPhone
		{0ED0A3FC-C7DA-417F-978E-85C72EBB65AB}.Ad-Hoc|x86.ActiveCfg = Ad-Hoc|iPhone
		{0ED0A3FC-C7DA-417F-978E-85C72EBB65AB}.AppStore|Any CPU.ActiveCfg = AppStore|iPhoneSimulator
		{0ED0A3FC-C7DA-417F-978E-85C72EBB65AB}.AppStore|ARM.ActiveCfg = AppStore|iPhone
		{0ED0A3FC-C7DA-417F-978E-85C72EBB65AB}.AppStore|iPhone.ActiveCfg = AppStore|iPhone
		{0ED0A3FC-C7DA-417F-978E-85C72EBB65AB}.AppStore|iPhone.Build.0 = AppStore|iPhone
		{0ED0A3FC-C7DA-417F-978E-85C72EBB65AB}.AppStore|iPhoneSimulator.ActiveCfg = AppStore|iPhoneSimulator
		{0ED0A3FC-C7DA-417F-978E-85C72EBB65AB}.AppStore|iPhoneSimulator.Build.0 = AppStore|iPhoneSimulator
		{0ED0A3FC-C7DA-417F-978E-85C72EBB65AB}.AppStore|x64.ActiveCfg = AppStore|iPhone
		{0ED0A3FC-C7DA-417F-978E-85C72EBB65AB}.AppStore|x86.ActiveCfg = AppStore|iPhone
		{0ED0A3FC-C7DA-417F-978E-85C72EBB65AB}.Debug|Any CPU.ActiveCfg = Debug|iPhoneSimulator
		{0ED0A3FC-C7DA-417F-978E-85C72EBB65AB}.Debug|ARM.ActiveCfg = Debug|iPhone
		{0ED0A3FC-C7DA-417F-978E-85C72EBB65AB}.Debug|iPhone.ActiveCfg = Debug|iPhone
		{0ED0A3FC-C7DA-417F-978E-85C72EBB65AB}.Debug|iPhone.Build.0 = Debug|iPhone
		{0ED0A3FC-C7DA-417F-978E-85C72EBB65AB}.Debug|iPhoneSimulator.ActiveCfg = Debug|iPhoneSimulator
		{0ED0A3FC-C7DA-417F-978E-85C72EBB65AB}.Debug|iPhoneSimulator.Build.0 = Debug|iPhoneSimulator
		{0ED0A3FC-C7DA-417F-978E-85C72EBB65AB}.Debug|x64.ActiveCfg = Debug|iPhone
		{0ED0A3FC-C7DA-417F-978E-85C72EBB65AB}.Debug|x86.ActiveCfg = Debug|iPhone
		{0ED0A3FC-C7DA-417F-978E-85C72EBB65AB}.Release|Any CPU.ActiveCfg = Release|iPhoneSimulator
		{0ED0A3FC-C7DA-417F-978E-85C72EBB65AB}.Release|ARM.ActiveCfg = Release|iPhone
		{0ED0A3FC-C7DA-417F-978E-85C72EBB65AB}.Release|iPhone.ActiveCfg = Release|iPhone
		{0ED0A3FC-C7DA-417F-978E-85C72EBB65AB}.Release|iPhone.Build.0 = Release|iPhone
		{0ED0A3FC-C7DA-417F-978E-85C72EBB65AB}.Release|iPhoneSimulator.ActiveCfg = Release|iPhoneSimulator
		{0ED0A3FC-C7DA-417F-978E-85C72EBB65AB}.Release|iPhoneSimulator.Build.0 = Release|iPhoneSimulator
		{0ED0A3FC-C7DA-417F-978E-85C72EBB65AB}.Release|x64.ActiveCfg = Release|iPhone
		{0ED0A3FC-C7DA-417F-978E-85C72EBB65AB}.Release|x86.ActiveCfg = Release|iPhone
	EndGlobalSection
	GlobalSection(SolutionProperties) = preSolution
		HideSolutionNode = FALSE
	EndGlobalSection
	GlobalSection(ExtensibilityGlobals) = postSolution
		SolutionGuid = {33F6B669-4AC6-4FAD-BCF3-E3C232196623}
	EndGlobalSection
EndGlobal
