
Microsoft Visual Studio Solution File, Format Version 12.00
# Visual Studio 15
VisualStudioVersion = 15.0.27004.2005
MinimumVisualStudioVersion = 10.0.40219.1
Project("{FAE04EC0-301F-11D3-BF4B-00C04F79EFBC}") = "BehaviorEx.Android", "BehaviorEx\BehaviorEx.Android\BehaviorEx.Android.csproj", "{8AA1C7DC-048D-40FC-91DB-468D926FFEED}"
EndProject
Project("{FAE04EC0-301F-11D3-BF4B-00C04F79EFBC}") = "BehaviorEx", "BehaviorEx\BehaviorEx\BehaviorEx.csproj", "{210BB4CF-B31A-4FAE-B161-F7F4AFAE7E7A}"
EndProject
Project("{FAE04EC0-301F-11D3-BF4B-00C04F79EFBC}") = "BehaviorEx.UWP", "BehaviorEx\BehaviorEx.UWP\BehaviorEx.UWP.csproj", "{CBA8898A-24F3-43E9-B83F-35A9A76E2731}"
EndProject
Project("{FAE04EC0-301F-11D3-BF4B-00C04F79EFBC}") = "BehaviorEx.iOS", "BehaviorEx\BehaviorEx.iOS\BehaviorEx.iOS.csproj", "{F4BA8CCA-74FE-44F2-9B26-1FC2D314A606}"
EndProject
Global
	GlobalSection(SolutionConfigurationPlatforms) = preSolution
		Ad-Hoc|Any CPU = Ad-Hoc|Any CPU
		Ad-Hoc|ARM = Ad-Hoc|ARM
		Ad-Hoc|iPhone = Ad-Hoc|iPhone
		Ad-Hoc|iPhoneSimulator = Ad-Hoc|iPhoneSimulator
		Ad-Hoc|x64 = Ad-Hoc|x64
		Ad-Hoc|x86 = Ad-Hoc|x86
		AppStore|Any CPU = AppStore|Any CPU
		AppStore|ARM = AppStore|ARM
		AppStore|iPhone = AppStore|iPhone
		AppStore|iPhoneSimulator = AppStore|iPhoneSimulator
		AppStore|x64 = AppStore|x64
		AppStore|x86 = AppStore|x86
		Debug|Any CPU = Debug|Any CPU
		Debug|ARM = Debug|ARM
		Debug|iPhone = Debug|iPhone
		Debug|iPhoneSimulator = Debug|iPhoneSimulator
		Debug|x64 = Debug|x64
		Debug|x86 = Debug|x86
		Release|Any CPU = Release|Any CPU
		Release|ARM = Release|ARM
		Release|iPhone = Release|iPhone
		Release|iPhoneSimulator = Release|iPhoneSimulator
		Release|x64 = Release|x64
		Release|x86 = Release|x86
	EndGlobalSection
	GlobalSection(ProjectConfigurationPlatforms) = postSolution
		{8AA1C7DC-048D-40FC-91DB-468D926FFEED}.Ad-Hoc|Any CPU.ActiveCfg = Release|Any CPU
		{8AA1C7DC-048D-40FC-91DB-468D926FFEED}.Ad-Hoc|Any CPU.Build.0 = Release|Any CPU
		{8AA1C7DC-048D-40FC-91DB-468D926FFEED}.Ad-Hoc|Any CPU.Deploy.0 = Release|Any CPU
		{8AA1C7DC-048D-40FC-91DB-468D926FFEED}.Ad-Hoc|ARM.ActiveCfg = Release|Any CPU
		{8AA1C7DC-048D-40FC-91DB-468D926FFEED}.Ad-Hoc|ARM.Build.0 = Release|Any CPU
		{8AA1C7DC-048D-40FC-91DB-468D926FFEED}.Ad-Hoc|ARM.Deploy.0 = Release|Any CPU
		{8AA1C7DC-048D-40FC-91DB-468D926FFEED}.Ad-Hoc|iPhone.ActiveCfg = Release|Any CPU
		{8AA1C7DC-048D-40FC-91DB-468D926FFEED}.Ad-Hoc|iPhone.Build.0 = Release|Any CPU
		{8AA1C7DC-048D-40FC-91DB-468D926FFEED}.Ad-Hoc|iPhone.Deploy.0 = Release|Any CPU
		{8AA1C7DC-048D-40FC-91DB-468D926FFEED}.Ad-Hoc|iPhoneSimulator.ActiveCfg = Release|Any CPU
		{8AA1C7DC-048D-40FC-91DB-468D926FFEED}.Ad-Hoc|iPhoneSimulator.Build.0 = Release|Any CPU
		{8AA1C7DC-048D-40FC-91DB-468D926FFEED}.Ad-Hoc|iPhoneSimulator.Deploy.0 = Release|Any CPU
		{8AA1C7DC-048D-40FC-91DB-468D926FFEED}.Ad-Hoc|x64.ActiveCfg = Release|Any CPU
		{8AA1C7DC-048D-40FC-91DB-468D926FFEED}.Ad-Hoc|x64.Build.0 = Release|Any CPU
		{8AA1C7DC-048D-40FC-91DB-468D926FFEED}.Ad-Hoc|x64.Deploy.0 = Release|Any CPU
		{8AA1C7DC-048D-40FC-91DB-468D926FFEED}.Ad-Hoc|x86.ActiveCfg = Release|Any CPU
		{8AA1C7DC-048D-40FC-91DB-468D926FFEED}.Ad-Hoc|x86.Build.0 = Release|Any CPU
		{8AA1C7DC-048D-40FC-91DB-468D926FFEED}.Ad-Hoc|x86.Deploy.0 = Release|Any CPU
		{8AA1C7DC-048D-40FC-91DB-468D926FFEED}.AppStore|Any CPU.ActiveCfg = Release|Any CPU
		{8AA1C7DC-048D-40FC-91DB-468D926FFEED}.AppStore|Any CPU.Build.0 = Release|Any CPU
		{8AA1C7DC-048D-40FC-91DB-468D926FFEED}.AppStore|Any CPU.Deploy.0 = Release|Any CPU
		{8AA1C7DC-048D-40FC-91DB-468D926FFEED}.AppStore|ARM.ActiveCfg = Release|Any CPU
		{8AA1C7DC-048D-40FC-91DB-468D926FFEED}.AppStore|ARM.Build.0 = Release|Any CPU
		{8AA1C7DC-048D-40FC-91DB-468D926FFEED}.AppStore|ARM.Deploy.0 = Release|Any CPU
		{8AA1C7DC-048D-40FC-91DB-468D926FFEED}.AppStore|iPhone.ActiveCfg = Release|Any CPU
		{8AA1C7DC-048D-40FC-91DB-468D926FFEED}.AppStore|iPhone.Build.0 = Release|Any CPU
		{8AA1C7DC-048D-40FC-91DB-468D926FFEED}.AppStore|iPhone.Deploy.0 = Release|Any CPU
		{8AA1C7DC-048D-40FC-91DB-468D926FFEED}.AppStore|iPhoneSimulator.ActiveCfg = Release|Any CPU
		{8AA1C7DC-048D-40FC-91DB-468D926FFEED}.AppStore|iPhoneSimulator.Build.0 = Release|Any CPU
		{8AA1C7DC-048D-40FC-91DB-468D926FFEED}.AppStore|iPhoneSimulator.Deploy.0 = Release|Any CPU
		{8AA1C7DC-048D-40FC-91DB-468D926FFEED}.AppStore|x64.ActiveCfg = Release|Any CPU
		{8AA1C7DC-048D-40FC-91DB-468D926FFEED}.AppStore|x64.Build.0 = Release|Any CPU
		{8AA1C7DC-048D-40FC-91DB-468D926FFEED}.AppStore|x64.Deploy.0 = Release|Any CPU
		{8AA1C7DC-048D-40FC-91DB-468D926FFEED}.AppStore|x86.ActiveCfg = Release|Any CPU
		{8AA1C7DC-048D-40FC-91DB-468D926FFEED}.AppStore|x86.Build.0 = Release|Any CPU
		{8AA1C7DC-048D-40FC-91DB-468D926FFEED}.AppStore|x86.Deploy.0 = Release|Any CPU
		{8AA1C7DC-048D-40FC-91DB-468D926FFEED}.Debug|Any CPU.ActiveCfg = Debug|Any CPU
		{8AA1C7DC-048D-40FC-91DB-468D926FFEED}.Debug|Any CPU.Build.0 = Debug|Any CPU
		{8AA1C7DC-048D-40FC-91DB-468D926FFEED}.Debug|Any CPU.Deploy.0 = Debug|Any CPU
		{8AA1C7DC-048D-40FC-91DB-468D926FFEED}.Debug|ARM.ActiveCfg = Debug|Any CPU
		{8AA1C7DC-048D-40FC-91DB-468D926FFEED}.Debug|ARM.Build.0 = Debug|Any CPU
		{8AA1C7DC-048D-40FC-91DB-468D926FFEED}.Debug|ARM.Deploy.0 = Debug|Any CPU
		{8AA1C7DC-048D-40FC-91DB-468D926FFEED}.Debug|iPhone.ActiveCfg = Debug|Any CPU
		{8AA1C7DC-048D-40FC-91DB-468D926FFEED}.Debug|iPhone.Build.0 = Debug|Any CPU
		{8AA1C7DC-048D-40FC-91DB-468D926FFEED}.Debug|iPhone.Deploy.0 = Debug|Any CPU
		{8AA1C7DC-048D-40FC-91DB-468D926FFEED}.Debug|iPhoneSimulator.ActiveCfg = Debug|Any CPU
		{8AA1C7DC-048D-40FC-91DB-468D926FFEED}.Debug|iPhoneSimulator.Build.0 = Debug|Any CPU
		{8AA1C7DC-048D-40FC-91DB-468D926FFEED}.Debug|iPhoneSimulator.Deploy.0 = Debug|Any CPU
		{8AA1C7DC-048D-40FC-91DB-468D926FFEED}.Debug|x64.ActiveCfg = Debug|Any CPU
		{8AA1C7DC-048D-40FC-91DB-468D926FFEED}.Debug|x64.Build.0 = Debug|Any CPU
		{8AA1C7DC-048D-40FC-91DB-468D926FFEED}.Debug|x64.Deploy.0 = Debug|Any CPU
		{8AA1C7DC-048D-40FC-91DB-468D926FFEED}.Debug|x86.ActiveCfg = Debug|Any CPU
		{8AA1C7DC-048D-40FC-91DB-468D926FFEED}.Debug|x86.Build.0 = Debug|Any CPU
		{8AA1C7DC-048D-40FC-91DB-468D926FFEED}.Debug|x86.Deploy.0 = Debug|Any CPU
		{8AA1C7DC-048D-40FC-91DB-468D926FFEED}.Release|Any CPU.ActiveCfg = Release|Any CPU
		{8AA1C7DC-048D-40FC-91DB-468D926FFEED}.Release|Any CPU.Build.0 = Release|Any CPU
		{8AA1C7DC-048D-40FC-91DB-468D926FFEED}.Release|Any CPU.Deploy.0 = Release|Any CPU
		{8AA1C7DC-048D-40FC-91DB-468D926FFEED}.Release|ARM.ActiveCfg = Release|Any CPU
		{8AA1C7DC-048D-40FC-91DB-468D926FFEED}.Release|ARM.Build.0 = Release|Any CPU
		{8AA1C7DC-048D-40FC-91DB-468D926FFEED}.Release|ARM.Deploy.0 = Release|Any CPU
		{8AA1C7DC-048D-40FC-91DB-468D926FFEED}.Release|iPhone.ActiveCfg = Release|Any CPU
		{8AA1C7DC-048D-40FC-91DB-468D926FFEED}.Release|iPhone.Build.0 = Release|Any CPU
		{8AA1C7DC-048D-40FC-91DB-468D926FFEED}.Release|iPhone.Deploy.0 = Release|Any CPU
		{8AA1C7DC-048D-40FC-91DB-468D926FFEED}.Release|iPhoneSimulator.ActiveCfg = Release|Any CPU
		{8AA1C7DC-048D-40FC-91DB-468D926FFEED}.Release|iPhoneSimulator.Build.0 = Release|Any CPU
		{8AA1C7DC-048D-40FC-91DB-468D926FFEED}.Release|iPhoneSimulator.Deploy.0 = Release|Any CPU
		{8AA1C7DC-048D-40FC-91DB-468D926FFEED}.Release|x64.ActiveCfg = Release|Any CPU
		{8AA1C7DC-048D-40FC-91DB-468D926FFEED}.Release|x64.Build.0 = Release|Any CPU
		{8AA1C7DC-048D-40FC-91DB-468D926FFEED}.Release|x64.Deploy.0 = Release|Any CPU
		{8AA1C7DC-048D-40FC-91DB-468D926FFEED}.Release|x86.ActiveCfg = Release|Any CPU
		{8AA1C7DC-048D-40FC-91DB-468D926FFEED}.Release|x86.Build.0 = Release|Any CPU
		{8AA1C7DC-048D-40FC-91DB-468D926FFEED}.Release|x86.Deploy.0 = Release|Any CPU
		{210BB4CF-B31A-4FAE-B161-F7F4AFAE7E7A}.Ad-Hoc|Any CPU.ActiveCfg = Release|Any CPU
		{210BB4CF-B31A-4FAE-B161-F7F4AFAE7E7A}.Ad-Hoc|Any CPU.Build.0 = Release|Any CPU
		{210BB4CF-B31A-4FAE-B161-F7F4AFAE7E7A}.Ad-Hoc|ARM.ActiveCfg = Release|Any CPU
		{210BB4CF-B31A-4FAE-B161-F7F4AFAE7E7A}.Ad-Hoc|ARM.Build.0 = Release|Any CPU
		{210BB4CF-B31A-4FAE-B161-F7F4AFAE7E7A}.Ad-Hoc|iPhone.ActiveCfg = Release|Any CPU
		{210BB4CF-B31A-4FAE-B161-F7F4AFAE7E7A}.Ad-Hoc|iPhone.Build.0 = Release|Any CPU
		{210BB4CF-B31A-4FAE-B161-F7F4AFAE7E7A}.Ad-Hoc|iPhoneSimulator.ActiveCfg = Release|Any CPU
		{210BB4CF-B31A-4FAE-B161-F7F4AFAE7E7A}.Ad-Hoc|iPhoneSimulator.Build.0 = Release|Any CPU
		{210BB4CF-B31A-4FAE-B161-F7F4AFAE7E7A}.Ad-Hoc|x64.ActiveCfg = Release|Any CPU
		{210BB4CF-B31A-4FAE-B161-F7F4AFAE7E7A}.Ad-Hoc|x64.Build.0 = Release|Any CPU
		{210BB4CF-B31A-4FAE-B161-F7F4AFAE7E7A}.Ad-Hoc|x86.ActiveCfg = Release|Any CPU
		{210BB4CF-B31A-4FAE-B161-F7F4AFAE7E7A}.Ad-Hoc|x86.Build.0 = Release|Any CPU
		{210BB4CF-B31A-4FAE-B161-F7F4AFAE7E7A}.AppStore|Any CPU.ActiveCfg = Release|Any CPU
		{210BB4CF-B31A-4FAE-B161-F7F4AFAE7E7A}.AppStore|Any CPU.Build.0 = Release|Any CPU
		{210BB4CF-B31A-4FAE-B161-F7F4AFAE7E7A}.AppStore|ARM.ActiveCfg = Release|Any CPU
		{210BB4CF-B31A-4FAE-B161-F7F4AFAE7E7A}.AppStore|ARM.Build.0 = Release|Any CPU
		{210BB4CF-B31A-4FAE-B161-F7F4AFAE7E7A}.AppStore|iPhone.ActiveCfg = Release|Any CPU
		{210BB4CF-B31A-4FAE-B161-F7F4AFAE7E7A}.AppStore|iPhone.Build.0 = Release|Any CPU
		{210BB4CF-B31A-4FAE-B161-F7F4AFAE7E7A}.AppStore|iPhoneSimulator.ActiveCfg = Release|Any CPU
		{210BB4CF-B31A-4FAE-B161-F7F4AFAE7E7A}.AppStore|iPhoneSimulator.Build.0 = Release|Any CPU
		{210BB4CF-B31A-4FAE-B161-F7F4AFAE7E7A}.AppStore|x64.ActiveCfg = Release|Any CPU
		{210BB4CF-B31A-4FAE-B161-F7F4AFAE7E7A}.AppStore|x64.Build.0 = Release|Any CPU
		{210BB4CF-B31A-4FAE-B161-F7F4AFAE7E7A}.AppStore|x86.ActiveCfg = Release|Any CPU
		{210BB4CF-B31A-4FAE-B161-F7F4AFAE7E7A}.AppStore|x86.Build.0 = Release|Any CPU
		{210BB4CF-B31A-4FAE-B161-F7F4AFAE7E7A}.Debug|Any CPU.ActiveCfg = Debug|Any CPU
		{210BB4CF-B31A-4FAE-B161-F7F4AFAE7E7A}.Debug|Any CPU.Build.0 = Debug|Any CPU
		{210BB4CF-B31A-4FAE-B161-F7F4AFAE7E7A}.Debug|ARM.ActiveCfg = Debug|Any CPU
		{210BB4CF-B31A-4FAE-B161-F7F4AFAE7E7A}.Debug|ARM.Build.0 = Debug|Any CPU
		{210BB4CF-B31A-4FAE-B161-F7F4AFAE7E7A}.Debug|iPhone.ActiveCfg = Debug|Any CPU
		{210BB4CF-B31A-4FAE-B161-F7F4AFAE7E7A}.Debug|iPhone.Build.0 = Debug|Any CPU
		{210BB4CF-B31A-4FAE-B161-F7F4AFAE7E7A}.Debug|iPhoneSimulator.ActiveCfg = Debug|Any CPU
		{210BB4CF-B31A-4FAE-B161-F7F4AFAE7E7A}.Debug|iPhoneSimulator.Build.0 = Debug|Any CPU
		{210BB4CF-B31A-4FAE-B161-F7F4AFAE7E7A}.Debug|x64.ActiveCfg = Debug|Any CPU
		{210BB4CF-B31A-4FAE-B161-F7F4AFAE7E7A}.Debug|x64.Build.0 = Debug|Any CPU
		{210BB4CF-B31A-4FAE-B161-F7F4AFAE7E7A}.Debug|x86.ActiveCfg = Debug|Any CPU
		{210BB4CF-B31A-4FAE-B161-F7F4AFAE7E7A}.Debug|x86.Build.0 = Debug|Any CPU
		{210BB4CF-B31A-4FAE-B161-F7F4AFAE7E7A}.Release|Any CPU.ActiveCfg = Release|Any CPU
		{210BB4CF-B31A-4FAE-B161-F7F4AFAE7E7A}.Release|Any CPU.Build.0 = Release|Any CPU
		{210BB4CF-B31A-4FAE-B161-F7F4AFAE7E7A}.Release|ARM.ActiveCfg = Release|Any CPU
		{210BB4CF-B31A-4FAE-B161-F7F4AFAE7E7A}.Release|ARM.Build.0 = Release|Any CPU
		{210BB4CF-B31A-4FAE-B161-F7F4AFAE7E7A}.Release|iPhone.ActiveCfg = Release|Any CPU
		{210BB4CF-B31A-4FAE-B161-F7F4AFAE7E7A}.Release|iPhone.Build.0 = Release|Any CPU
		{210BB4CF-B31A-4FAE-B161-F7F4AFAE7E7A}.Release|iPhoneSimulator.ActiveCfg = Release|Any CPU
		{210BB4CF-B31A-4FAE-B161-F7F4AFAE7E7A}.Release|iPhoneSimulator.Build.0 = Release|Any CPU
		{210BB4CF-B31A-4FAE-B161-F7F4AFAE7E7A}.Release|x64.ActiveCfg = Release|Any CPU
		{210BB4CF-B31A-4FAE-B161-F7F4AFAE7E7A}.Release|x64.Build.0 = Release|Any CPU
		{210BB4CF-B31A-4FAE-B161-F7F4AFAE7E7A}.Release|x86.ActiveCfg = Release|Any CPU
		{210BB4CF-B31A-4FAE-B161-F7F4AFAE7E7A}.Release|x86.Build.0 = Release|Any CPU
		{CBA8898A-24F3-43E9-B83F-35A9A76E2731}.Ad-Hoc|Any CPU.ActiveCfg = Release|x86
		{CBA8898A-24F3-43E9-B83F-35A9A76E2731}.Ad-Hoc|Any CPU.Build.0 = Release|x86
		{CBA8898A-24F3-43E9-B83F-35A9A76E2731}.Ad-Hoc|Any CPU.Deploy.0 = Release|x86
		{CBA8898A-24F3-43E9-B83F-35A9A76E2731}.Ad-Hoc|ARM.ActiveCfg = Release|ARM
		{CBA8898A-24F3-43E9-B83F-35A9A76E2731}.Ad-Hoc|ARM.Build.0 = Release|ARM
		{CBA8898A-24F3-43E9-B83F-35A9A76E2731}.Ad-Hoc|ARM.Deploy.0 = Release|ARM
		{CBA8898A-24F3-43E9-B83F-35A9A76E2731}.Ad-Hoc|iPhone.ActiveCfg = Release|x86
		{CBA8898A-24F3-43E9-B83F-35A9A76E2731}.Ad-Hoc|iPhone.Build.0 = Release|x86
		{CBA8898A-24F3-43E9-B83F-35A9A76E2731}.Ad-Hoc|iPhone.Deploy.0 = Release|x86
		{CBA8898A-24F3-43E9-B83F-35A9A76E2731}.Ad-Hoc|iPhoneSimulator.ActiveCfg = Release|x86
		{CBA8898A-24F3-43E9-B83F-35A9A76E2731}.Ad-Hoc|iPhoneSimulator.Build.0 = Release|x86
		{CBA8898A-24F3-43E9-B83F-35A9A76E2731}.Ad-Hoc|iPhoneSimulator.Deploy.0 = Release|x86
		{CBA8898A-24F3-43E9-B83F-35A9A76E2731}.Ad-Hoc|x64.ActiveCfg = Release|x64
		{CBA8898A-24F3-43E9-B83F-35A9A76E2731}.Ad-Hoc|x64.Build.0 = Release|x64
		{CBA8898A-24F3-43E9-B83F-35A9A76E2731}.Ad-Hoc|x64.Deploy.0 = Release|x64
		{CBA8898A-24F3-43E9-B83F-35A9A76E2731}.Ad-Hoc|x86.ActiveCfg = Release|x86
		{CBA8898A-24F3-43E9-B83F-35A9A76E2731}.Ad-Hoc|x86.Build.0 = Release|x86
		{CBA8898A-24F3-43E9-B83F-35A9A76E2731}.Ad-Hoc|x86.Deploy.0 = Release|x86
		{CBA8898A-24F3-43E9-B83F-35A9A76E2731}.AppStore|Any CPU.ActiveCfg = Release|x86
		{CBA8898A-24F3-43E9-B83F-35A9A76E2731}.AppStore|Any CPU.Build.0 = Release|x86
		{CBA8898A-24F3-43E9-B83F-35A9A76E2731}.AppStore|Any CPU.Deploy.0 = Release|x86
		{CBA8898A-24F3-43E9-B83F-35A9A76E2731}.AppStore|ARM.ActiveCfg = Release|ARM
		{CBA8898A-24F3-43E9-B83F-35A9A76E2731}.AppStore|ARM.Build.0 = Release|ARM
		{CBA8898A-24F3-43E9-B83F-35A9A76E2731}.AppStore|ARM.Deploy.0 = Release|ARM
		{CBA8898A-24F3-43E9-B83F-35A9A76E2731}.AppStore|iPhone.ActiveCfg = Release|x86
		{CBA8898A-24F3-43E9-B83F-35A9A76E2731}.AppStore|iPhone.Build.0 = Release|x86
		{CBA8898A-24F3-43E9-B83F-35A9A76E2731}.AppStore|iPhone.Deploy.0 = Release|x86
		{CBA8898A-24F3-43E9-B83F-35A9A76E2731}.AppStore|iPhoneSimulator.ActiveCfg = Release|x86
		{CBA8898A-24F3-43E9-B83F-35A9A76E2731}.AppStore|iPhoneSimulator.Build.0 = Release|x86
		{CBA8898A-24F3-43E9-B83F-35A9A76E2731}.AppStore|iPhoneSimulator.Deploy.0 = Release|x86
		{CBA8898A-24F3-43E9-B83F-35A9A76E2731}.AppStore|x64.ActiveCfg = Release|x64
		{CBA8898A-24F3-43E9-B83F-35A9A76E2731}.AppStore|x64.Build.0 = Release|x64
		{CBA8898A-24F3-43E9-B83F-35A9A76E2731}.AppStore|x64.Deploy.0 = Release|x64
		{CBA8898A-24F3-43E9-B83F-35A9A76E2731}.AppStore|x86.ActiveCfg = Release|x86
		{CBA8898A-24F3-43E9-B83F-35A9A76E2731}.AppStore|x86.Build.0 = Release|x86
		{CBA8898A-24F3-43E9-B83F-35A9A76E2731}.AppStore|x86.Deploy.0 = Release|x86
		{CBA8898A-24F3-43E9-B83F-35A9A76E2731}.Debug|Any CPU.ActiveCfg = Debug|x86
		{CBA8898A-24F3-43E9-B83F-35A9A76E2731}.Debug|ARM.ActiveCfg = Debug|ARM
		{CBA8898A-24F3-43E9-B83F-35A9A76E2731}.Debug|ARM.Build.0 = Debug|ARM
		{CBA8898A-24F3-43E9-B83F-35A9A76E2731}.Debug|ARM.Deploy.0 = Debug|ARM
		{CBA8898A-24F3-43E9-B83F-35A9A76E2731}.Debug|iPhone.ActiveCfg = Debug|x86
		{CBA8898A-24F3-43E9-B83F-35A9A76E2731}.Debug|iPhoneSimulator.ActiveCfg = Debug|x86
		{CBA8898A-24F3-43E9-B83F-35A9A76E2731}.Debug|x64.ActiveCfg = Debug|x64
		{CBA8898A-24F3-43E9-B83F-35A9A76E2731}.Debug|x64.Build.0 = Debug|x64
		{CBA8898A-24F3-43E9-B83F-35A9A76E2731}.Debug|x64.Deploy.0 = Debug|x64
		{CBA8898A-24F3-43E9-B83F-35A9A76E2731}.Debug|x86.ActiveCfg = Debug|x86
		{CBA8898A-24F3-43E9-B83F-35A9A76E2731}.Debug|x86.Build.0 = Debug|x86
		{CBA8898A-24F3-43E9-B83F-35A9A76E2731}.Debug|x86.Deploy.0 = Debug|x86
		{CBA8898A-24F3-43E9-B83F-35A9A76E2731}.Release|Any CPU.ActiveCfg = Release|x86
		{CBA8898A-24F3-43E9-B83F-35A9A76E2731}.Release|ARM.ActiveCfg = Release|ARM
		{CBA8898A-24F3-43E9-B83F-35A9A76E2731}.Release|ARM.Build.0 = Release|ARM
		{CBA8898A-24F3-43E9-B83F-35A9A76E2731}.Release|ARM.Deploy.0 = Release|ARM
		{CBA8898A-24F3-43E9-B83F-35A9A76E2731}.Release|iPhone.ActiveCfg = Release|x86
		{CBA8898A-24F3-43E9-B83F-35A9A76E2731}.Release|iPhoneSimulator.ActiveCfg = Release|x86
		{CBA8898A-24F3-43E9-B83F-35A9A76E2731}.Release|x64.ActiveCfg = Release|x64
		{CBA8898A-24F3-43E9-B83F-35A9A76E2731}.Release|x64.Build.0 = Release|x64
		{CBA8898A-24F3-43E9-B83F-35A9A76E2731}.Release|x64.Deploy.0 = Release|x64
		{CBA8898A-24F3-43E9-B83F-35A9A76E2731}.Release|x86.ActiveCfg = Release|x86
		{CBA8898A-24F3-43E9-B83F-35A9A76E2731}.Release|x86.Build.0 = Release|x86
		{CBA8898A-24F3-43E9-B83F-35A9A76E2731}.Release|x86.Deploy.0 = Release|x86
		{F4BA8CCA-74FE-44F2-9B26-1FC2D314A606}.Ad-Hoc|Any CPU.ActiveCfg = Ad-Hoc|iPhoneSimulator
		{F4BA8CCA-74FE-44F2-9B26-1FC2D314A606}.Ad-Hoc|ARM.ActiveCfg = Ad-Hoc|iPhone
		{F4BA8CCA-74FE-44F2-9B26-1FC2D314A606}.Ad-Hoc|iPhone.ActiveCfg = Ad-Hoc|iPhone
		{F4BA8CCA-74FE-44F2-9B26-1FC2D314A606}.Ad-Hoc|iPhone.Build.0 = Ad-Hoc|iPhone
		{F4BA8CCA-74FE-44F2-9B26-1FC2D314A606}.Ad-Hoc|iPhoneSimulator.ActiveCfg = Ad-Hoc|iPhoneSimulator
		{F4BA8CCA-74FE-44F2-9B26-1FC2D314A606}.Ad-Hoc|iPhoneSimulator.Build.0 = Ad-Hoc|iPhoneSimulator
		{F4BA8CCA-74FE-44F2-9B26-1FC2D314A606}.Ad-Hoc|x64.ActiveCfg = Ad-Hoc|iPhone
		{F4BA8CCA-74FE-44F2-9B26-1FC2D314A606}.Ad-Hoc|x86.ActiveCfg = Ad-Hoc|iPhone
		{F4BA8CCA-74FE-44F2-9B26-1FC2D314A606}.AppStore|Any CPU.ActiveCfg = AppStore|iPhoneSimulator
		{F4BA8CCA-74FE-44F2-9B26-1FC2D314A606}.AppStore|ARM.ActiveCfg = AppStore|iPhone
		{F4BA8CCA-74FE-44F2-9B26-1FC2D314A606}.AppStore|iPhone.ActiveCfg = AppStore|iPhone
		{F4BA8CCA-74FE-44F2-9B26-1FC2D314A606}.AppStore|iPhone.Build.0 = AppStore|iPhone
		{F4BA8CCA-74FE-44F2-9B26-1FC2D314A606}.AppStore|iPhoneSimulator.ActiveCfg = AppStore|iPhoneSimulator
		{F4BA8CCA-74FE-44F2-9B26-1FC2D314A606}.AppStore|iPhoneSimulator.Build.0 = AppStore|iPhoneSimulator
		{F4BA8CCA-74FE-44F2-9B26-1FC2D314A606}.AppStore|x64.ActiveCfg = AppStore|iPhone
		{F4BA8CCA-74FE-44F2-9B26-1FC2D314A606}.AppStore|x86.ActiveCfg = AppStore|iPhone
		{F4BA8CCA-74FE-44F2-9B26-1FC2D314A606}.Debug|Any CPU.ActiveCfg = Debug|iPhoneSimulator
		{F4BA8CCA-74FE-44F2-9B26-1FC2D314A606}.Debug|ARM.ActiveCfg = Debug|iPhone
		{F4BA8CCA-74FE-44F2-9B26-1FC2D314A606}.Debug|iPhone.ActiveCfg = Debug|iPhone
		{F4BA8CCA-74FE-44F2-9B26-1FC2D314A606}.Debug|iPhone.Build.0 = Debug|iPhone
		{F4BA8CCA-74FE-44F2-9B26-1FC2D314A606}.Debug|iPhoneSimulator.ActiveCfg = Debug|iPhoneSimulator
		{F4BA8CCA-74FE-44F2-9B26-1FC2D314A606}.Debug|iPhoneSimulator.Build.0 = Debug|iPhoneSimulator
		{F4BA8CCA-74FE-44F2-9B26-1FC2D314A606}.Debug|x64.ActiveCfg = Debug|iPhone
		{F4BA8CCA-74FE-44F2-9B26-1FC2D314A606}.Debug|x86.ActiveCfg = Debug|iPhone
		{F4BA8CCA-74FE-44F2-9B26-1FC2D314A606}.Release|Any CPU.ActiveCfg = Release|iPhoneSimulator
		{F4BA8CCA-74FE-44F2-9B26-1FC2D314A606}.Release|ARM.ActiveCfg = Release|iPhone
		{F4BA8CCA-74FE-44F2-9B26-1FC2D314A606}.Release|iPhone.ActiveCfg = Release|iPhone
		{F4BA8CCA-74FE-44F2-9B26-1FC2D314A606}.Release|iPhone.Build.0 = Release|iPhone
		{F4BA8CCA-74FE-44F2-9B26-1FC2D314A606}.Release|iPhoneSimulator.ActiveCfg = Release|iPhoneSimulator
		{F4BA8CCA-74FE-44F2-9B26-1FC2D314A606}.Release|iPhoneSimulator.Build.0 = Release|iPhoneSimulator
		{F4BA8CCA-74FE-44F2-9B26-1FC2D314A606}.Release|x64.ActiveCfg = Release|iPhone
		{F4BA8CCA-74FE-44F2-9B26-1FC2D314A606}.Release|x86.ActiveCfg = Release|iPhone
	EndGlobalSection
	GlobalSection(SolutionProperties) = preSolution
		HideSolutionNode = FALSE
	EndGlobalSection
	GlobalSection(ExtensibilityGlobals) = postSolution
		SolutionGuid = {B6A714DF-D99A-4B61-9893-48399CE5FC7B}
	EndGlobalSection
EndGlobal
