
Microsoft Visual Studio Solution File, Format Version 12.00
# Visual Studio 15
VisualStudioVersion = 15.0.27004.2002
MinimumVisualStudioVersion = 10.0.40219.1
Project("{D954291E-2A0B-460D-934E-DC6B0785DB48}") = "AppSharedProject", "AppSharedProject\AppSharedProject\AppSharedProject.shproj", "{AE13113B-F104-4C79-81D2-CAF328F55336}"
EndProject
Project("{FAE04EC0-301F-11D3-BF4B-00C04F79EFBC}") = "AppSharedProject.Android", "AppSharedProject\AppSharedProject.Android\AppSharedProject.Android.csproj", "{3982BEF2-86AB-4185-8A28-2F8FFAC90687}"
EndProject
Project("{FAE04EC0-301F-11D3-BF4B-00C04F79EFBC}") = "AppSharedProject.iOS", "AppSharedProject\AppSharedProject.iOS\AppSharedProject.iOS.csproj", "{EB76D433-B5E1-49D3-8911-0B2D399CC087}"
EndProject
Project("{FAE04EC0-301F-11D3-BF4B-00C04F79EFBC}") = "AppSharedProject.UWP", "AppSharedProject\AppSharedProject.UWP\AppSharedProject.UWP.csproj", "{22B43788-7561-4ACF-AE6E-A8A047947CF6}"
EndProject
Global
	GlobalSection(SharedMSBuildProjectFiles) = preSolution
		AppSharedProject\AppSharedProject\AppSharedProject.projitems*{3982bef2-86ab-4185-8a28-2f8ffac90687}*SharedItemsImports = 4
		AppSharedProject\AppSharedProject\AppSharedProject.projitems*{ae13113b-f104-4c79-81d2-caf328f55336}*SharedItemsImports = 13
		AppSharedProject\AppSharedProject\AppSharedProject.projitems*{eb76d433-b5e1-49d3-8911-0b2d399cc087}*SharedItemsImports = 4
	EndGlobalSection
	GlobalSection(SolutionConfigurationPlatforms) = preSolution
		Ad-Hoc|Any CPU = Ad-Hoc|Any CPU
		Ad-Hoc|ARM = Ad-Hoc|ARM
		Ad-Hoc|iPhone = Ad-Hoc|iPhone
		Ad-Hoc|iPhoneSimulator = Ad-Hoc|iPhoneSimulator
		Ad-Hoc|x64 = Ad-Hoc|x64
		Ad-Hoc|x86 = Ad-Hoc|x86
		AppStore|Any CPU = AppStore|Any CPU
		AppStore|ARM = AppStore|ARM
		AppStore|iPhone = AppStore|iPhone
		AppStore|iPhoneSimulator = AppStore|iPhoneSimulator
		AppStore|x64 = AppStore|x64
		AppStore|x86 = AppStore|x86
		Debug|Any CPU = Debug|Any CPU
		Debug|ARM = Debug|ARM
		Debug|iPhone = Debug|iPhone
		Debug|iPhoneSimulator = Debug|iPhoneSimulator
		Debug|x64 = Debug|x64
		Debug|x86 = Debug|x86
		Release|Any CPU = Release|Any CPU
		Release|ARM = Release|ARM
		Release|iPhone = Release|iPhone
		Release|iPhoneSimulator = Release|iPhoneSimulator
		Release|x64 = Release|x64
		Release|x86 = Release|x86
	EndGlobalSection
	GlobalSection(ProjectConfigurationPlatforms) = postSolution
		{3982BEF2-86AB-4185-8A28-2F8FFAC90687}.Ad-Hoc|Any CPU.ActiveCfg = Release|Any CPU
		{3982BEF2-86AB-4185-8A28-2F8FFAC90687}.Ad-Hoc|Any CPU.Build.0 = Release|Any CPU
		{3982BEF2-86AB-4185-8A28-2F8FFAC90687}.Ad-Hoc|Any CPU.Deploy.0 = Release|Any CPU
		{3982BEF2-86AB-4185-8A28-2F8FFAC90687}.Ad-Hoc|ARM.ActiveCfg = Release|Any CPU
		{3982BEF2-86AB-4185-8A28-2F8FFAC90687}.Ad-Hoc|ARM.Build.0 = Release|Any CPU
		{3982BEF2-86AB-4185-8A28-2F8FFAC90687}.Ad-Hoc|ARM.Deploy.0 = Release|Any CPU
		{3982BEF2-86AB-4185-8A28-2F8FFAC90687}.Ad-Hoc|iPhone.ActiveCfg = Release|Any CPU
		{3982BEF2-86AB-4185-8A28-2F8FFAC90687}.Ad-Hoc|iPhone.Build.0 = Release|Any CPU
		{3982BEF2-86AB-4185-8A28-2F8FFAC90687}.Ad-Hoc|iPhone.Deploy.0 = Release|Any CPU
		{3982BEF2-86AB-4185-8A28-2F8FFAC90687}.Ad-Hoc|iPhoneSimulator.ActiveCfg = Release|Any CPU
		{3982BEF2-86AB-4185-8A28-2F8FFAC90687}.Ad-Hoc|iPhoneSimulator.Build.0 = Release|Any CPU
		{3982BEF2-86AB-4185-8A28-2F8FFAC90687}.Ad-Hoc|iPhoneSimulator.Deploy.0 = Release|Any CPU
		{3982BEF2-86AB-4185-8A28-2F8FFAC90687}.Ad-Hoc|x64.ActiveCfg = Release|Any CPU
		{3982BEF2-86AB-4185-8A28-2F8FFAC90687}.Ad-Hoc|x64.Build.0 = Release|Any CPU
		{3982BEF2-86AB-4185-8A28-2F8FFAC90687}.Ad-Hoc|x64.Deploy.0 = Release|Any CPU
		{3982BEF2-86AB-4185-8A28-2F8FFAC90687}.Ad-Hoc|x86.ActiveCfg = Release|Any CPU
		{3982BEF2-86AB-4185-8A28-2F8FFAC90687}.Ad-Hoc|x86.Build.0 = Release|Any CPU
		{3982BEF2-86AB-4185-8A28-2F8FFAC90687}.Ad-Hoc|x86.Deploy.0 = Release|Any CPU
		{3982BEF2-86AB-4185-8A28-2F8FFAC90687}.AppStore|Any CPU.ActiveCfg = Release|Any CPU
		{3982BEF2-86AB-4185-8A28-2F8FFAC90687}.AppStore|Any CPU.Build.0 = Release|Any CPU
		{3982BEF2-86AB-4185-8A28-2F8FFAC90687}.AppStore|Any CPU.Deploy.0 = Release|Any CPU
		{3982BEF2-86AB-4185-8A28-2F8FFAC90687}.AppStore|ARM.ActiveCfg = Release|Any CPU
		{3982BEF2-86AB-4185-8A28-2F8FFAC90687}.AppStore|ARM.Build.0 = Release|Any CPU
		{3982BEF2-86AB-4185-8A28-2F8FFAC90687}.AppStore|ARM.Deploy.0 = Release|Any CPU
		{3982BEF2-86AB-4185-8A28-2F8FFAC90687}.AppStore|iPhone.ActiveCfg = Release|Any CPU
		{3982BEF2-86AB-4185-8A28-2F8FFAC90687}.AppStore|iPhone.Build.0 = Release|Any CPU
		{3982BEF2-86AB-4185-8A28-2F8FFAC90687}.AppStore|iPhone.Deploy.0 = Release|Any CPU
		{3982BEF2-86AB-4185-8A28-2F8FFAC90687}.AppStore|iPhoneSimulator.ActiveCfg = Release|Any CPU
		{3982BEF2-86AB-4185-8A28-2F8FFAC90687}.AppStore|iPhoneSimulator.Build.0 = Release|Any CPU
		{3982BEF2-86AB-4185-8A28-2F8FFAC90687}.AppStore|iPhoneSimulator.Deploy.0 = Release|Any CPU
		{3982BEF2-86AB-4185-8A28-2F8FFAC90687}.AppStore|x64.ActiveCfg = Release|Any CPU
		{3982BEF2-86AB-4185-8A28-2F8FFAC90687}.AppStore|x64.Build.0 = Release|Any CPU
		{3982BEF2-86AB-4185-8A28-2F8FFAC90687}.AppStore|x64.Deploy.0 = Release|Any CPU
		{3982BEF2-86AB-4185-8A28-2F8FFAC90687}.AppStore|x86.ActiveCfg = Release|Any CPU
		{3982BEF2-86AB-4185-8A28-2F8FFAC90687}.AppStore|x86.Build.0 = Release|Any CPU
		{3982BEF2-86AB-4185-8A28-2F8FFAC90687}.AppStore|x86.Deploy.0 = Release|Any CPU
		{3982BEF2-86AB-4185-8A28-2F8FFAC90687}.Debug|Any CPU.ActiveCfg = Debug|Any CPU
		{3982BEF2-86AB-4185-8A28-2F8FFAC90687}.Debug|Any CPU.Build.0 = Debug|Any CPU
		{3982BEF2-86AB-4185-8A28-2F8FFAC90687}.Debug|Any CPU.Deploy.0 = Debug|Any CPU
		{3982BEF2-86AB-4185-8A28-2F8FFAC90687}.Debug|ARM.ActiveCfg = Debug|Any CPU
		{3982BEF2-86AB-4185-8A28-2F8FFAC90687}.Debug|ARM.Build.0 = Debug|Any CPU
		{3982BEF2-86AB-4185-8A28-2F8FFAC90687}.Debug|ARM.Deploy.0 = Debug|Any CPU
		{3982BEF2-86AB-4185-8A28-2F8FFAC90687}.Debug|iPhone.ActiveCfg = Debug|Any CPU
		{3982BEF2-86AB-4185-8A28-2F8FFAC90687}.Debug|iPhone.Build.0 = Debug|Any CPU
		{3982BEF2-86AB-4185-8A28-2F8FFAC90687}.Debug|iPhone.Deploy.0 = Debug|Any CPU
		{3982BEF2-86AB-4185-8A28-2F8FFAC90687}.Debug|iPhoneSimulator.ActiveCfg = Debug|Any CPU
		{3982BEF2-86AB-4185-8A28-2F8FFAC90687}.Debug|iPhoneSimulator.Build.0 = Debug|Any CPU
		{3982BEF2-86AB-4185-8A28-2F8FFAC90687}.Debug|iPhoneSimulator.Deploy.0 = Debug|Any CPU
		{3982BEF2-86AB-4185-8A28-2F8FFAC90687}.Debug|x64.ActiveCfg = Debug|Any CPU
		{3982BEF2-86AB-4185-8A28-2F8FFAC90687}.Debug|x64.Build.0 = Debug|Any CPU
		{3982BEF2-86AB-4185-8A28-2F8FFAC90687}.Debug|x64.Deploy.0 = Debug|Any CPU
		{3982BEF2-86AB-4185-8A28-2F8FFAC90687}.Debug|x86.ActiveCfg = Debug|Any CPU
		{3982BEF2-86AB-4185-8A28-2F8FFAC90687}.Debug|x86.Build.0 = Debug|Any CPU
		{3982BEF2-86AB-4185-8A28-2F8FFAC90687}.Debug|x86.Deploy.0 = Debug|Any CPU
		{3982BEF2-86AB-4185-8A28-2F8FFAC90687}.Release|Any CPU.ActiveCfg = Release|Any CPU
		{3982BEF2-86AB-4185-8A28-2F8FFAC90687}.Release|Any CPU.Build.0 = Release|Any CPU
		{3982BEF2-86AB-4185-8A28-2F8FFAC90687}.Release|Any CPU.Deploy.0 = Release|Any CPU
		{3982BEF2-86AB-4185-8A28-2F8FFAC90687}.Release|ARM.ActiveCfg = Release|Any CPU
		{3982BEF2-86AB-4185-8A28-2F8FFAC90687}.Release|ARM.Build.0 = Release|Any CPU
		{3982BEF2-86AB-4185-8A28-2F8FFAC90687}.Release|ARM.Deploy.0 = Release|Any CPU
		{3982BEF2-86AB-4185-8A28-2F8FFAC90687}.Release|iPhone.ActiveCfg = Release|Any CPU
		{3982BEF2-86AB-4185-8A28-2F8FFAC90687}.Release|iPhone.Build.0 = Release|Any CPU
		{3982BEF2-86AB-4185-8A28-2F8FFAC90687}.Release|iPhone.Deploy.0 = Release|Any CPU
		{3982BEF2-86AB-4185-8A28-2F8FFAC90687}.Release|iPhoneSimulator.ActiveCfg = Release|Any CPU
		{3982BEF2-86AB-4185-8A28-2F8FFAC90687}.Release|iPhoneSimulator.Build.0 = Release|Any CPU
		{3982BEF2-86AB-4185-8A28-2F8FFAC90687}.Release|iPhoneSimulator.Deploy.0 = Release|Any CPU
		{3982BEF2-86AB-4185-8A28-2F8FFAC90687}.Release|x64.ActiveCfg = Release|Any CPU
		{3982BEF2-86AB-4185-8A28-2F8FFAC90687}.Release|x64.Build.0 = Release|Any CPU
		{3982BEF2-86AB-4185-8A28-2F8FFAC90687}.Release|x64.Deploy.0 = Release|Any CPU
		{3982BEF2-86AB-4185-8A28-2F8FFAC90687}.Release|x86.ActiveCfg = Release|Any CPU
		{3982BEF2-86AB-4185-8A28-2F8FFAC90687}.Release|x86.Build.0 = Release|Any CPU
		{3982BEF2-86AB-4185-8A28-2F8FFAC90687}.Release|x86.Deploy.0 = Release|Any CPU
		{EB76D433-B5E1-49D3-8911-0B2D399CC087}.Ad-Hoc|Any CPU.ActiveCfg = Ad-Hoc|iPhoneSimulator
		{EB76D433-B5E1-49D3-8911-0B2D399CC087}.Ad-Hoc|ARM.ActiveCfg = Ad-Hoc|iPhone
		{EB76D433-B5E1-49D3-8911-0B2D399CC087}.Ad-Hoc|iPhone.ActiveCfg = Ad-Hoc|iPhone
		{EB76D433-B5E1-49D3-8911-0B2D399CC087}.Ad-Hoc|iPhone.Build.0 = Ad-Hoc|iPhone
		{EB76D433-B5E1-49D3-8911-0B2D399CC087}.Ad-Hoc|iPhoneSimulator.ActiveCfg = Ad-Hoc|iPhoneSimulator
		{EB76D433-B5E1-49D3-8911-0B2D399CC087}.Ad-Hoc|iPhoneSimulator.Build.0 = Ad-Hoc|iPhoneSimulator
		{EB76D433-B5E1-49D3-8911-0B2D399CC087}.Ad-Hoc|x64.ActiveCfg = Ad-Hoc|iPhone
		{EB76D433-B5E1-49D3-8911-0B2D399CC087}.Ad-Hoc|x86.ActiveCfg = Ad-Hoc|iPhone
		{EB76D433-B5E1-49D3-8911-0B2D399CC087}.AppStore|Any CPU.ActiveCfg = AppStore|iPhoneSimulator
		{EB76D433-B5E1-49D3-8911-0B2D399CC087}.AppStore|ARM.ActiveCfg = AppStore|iPhone
		{EB76D433-B5E1-49D3-8911-0B2D399CC087}.AppStore|iPhone.ActiveCfg = AppStore|iPhone
		{EB76D433-B5E1-49D3-8911-0B2D399CC087}.AppStore|iPhone.Build.0 = AppStore|iPhone
		{EB76D433-B5E1-49D3-8911-0B2D399CC087}.AppStore|iPhoneSimulator.ActiveCfg = AppStore|iPhoneSimulator
		{EB76D433-B5E1-49D3-8911-0B2D399CC087}.AppStore|iPhoneSimulator.Build.0 = AppStore|iPhoneSimulator
		{EB76D433-B5E1-49D3-8911-0B2D399CC087}.AppStore|x64.ActiveCfg = AppStore|iPhone
		{EB76D433-B5E1-49D3-8911-0B2D399CC087}.AppStore|x86.ActiveCfg = AppStore|iPhone
		{EB76D433-B5E1-49D3-8911-0B2D399CC087}.Debug|Any CPU.ActiveCfg = Debug|iPhoneSimulator
		{EB76D433-B5E1-49D3-8911-0B2D399CC087}.Debug|ARM.ActiveCfg = Debug|iPhone
		{EB76D433-B5E1-49D3-8911-0B2D399CC087}.Debug|iPhone.ActiveCfg = Debug|iPhone
		{EB76D433-B5E1-49D3-8911-0B2D399CC087}.Debug|iPhone.Build.0 = Debug|iPhone
		{EB76D433-B5E1-49D3-8911-0B2D399CC087}.Debug|iPhoneSimulator.ActiveCfg = Debug|iPhoneSimulator
		{EB76D433-B5E1-49D3-8911-0B2D399CC087}.Debug|iPhoneSimulator.Build.0 = Debug|iPhoneSimulator
		{EB76D433-B5E1-49D3-8911-0B2D399CC087}.Debug|x64.ActiveCfg = Debug|iPhone
		{EB76D433-B5E1-49D3-8911-0B2D399CC087}.Debug|x86.ActiveCfg = Debug|iPhone
		{EB76D433-B5E1-49D3-8911-0B2D399CC087}.Release|Any CPU.ActiveCfg = Release|iPhoneSimulator
		{EB76D433-B5E1-49D3-8911-0B2D399CC087}.Release|ARM.ActiveCfg = Release|iPhone
		{EB76D433-B5E1-49D3-8911-0B2D399CC087}.Release|iPhone.ActiveCfg = Release|iPhone
		{EB76D433-B5E1-49D3-8911-0B2D399CC087}.Release|iPhone.Build.0 = Release|iPhone
		{EB76D433-B5E1-49D3-8911-0B2D399CC087}.Release|iPhoneSimulator.ActiveCfg = Release|iPhoneSimulator
		{EB76D433-B5E1-49D3-8911-0B2D399CC087}.Release|iPhoneSimulator.Build.0 = Release|iPhoneSimulator
		{EB76D433-B5E1-49D3-8911-0B2D399CC087}.Release|x64.ActiveCfg = Release|iPhone
		{EB76D433-B5E1-49D3-8911-0B2D399CC087}.Release|x86.ActiveCfg = Release|iPhone
		{22B43788-7561-4ACF-AE6E-A8A047947CF6}.Ad-Hoc|Any CPU.ActiveCfg = Release|x86
		{22B43788-7561-4ACF-AE6E-A8A047947CF6}.Ad-Hoc|Any CPU.Build.0 = Release|x86
		{22B43788-7561-4ACF-AE6E-A8A047947CF6}.Ad-Hoc|Any CPU.Deploy.0 = Release|x86
		{22B43788-7561-4ACF-AE6E-A8A047947CF6}.Ad-Hoc|ARM.ActiveCfg = Release|ARM
		{22B43788-7561-4ACF-AE6E-A8A047947CF6}.Ad-Hoc|ARM.Build.0 = Release|ARM
		{22B43788-7561-4ACF-AE6E-A8A047947CF6}.Ad-Hoc|ARM.Deploy.0 = Release|ARM
		{22B43788-7561-4ACF-AE6E-A8A047947CF6}.Ad-Hoc|iPhone.ActiveCfg = Release|x86
		{22B43788-7561-4ACF-AE6E-A8A047947CF6}.Ad-Hoc|iPhone.Build.0 = Release|x86
		{22B43788-7561-4ACF-AE6E-A8A047947CF6}.Ad-Hoc|iPhone.Deploy.0 = Release|x86
		{22B43788-7561-4ACF-AE6E-A8A047947CF6}.Ad-Hoc|iPhoneSimulator.ActiveCfg = Release|x86
		{22B43788-7561-4ACF-AE6E-A8A047947CF6}.Ad-Hoc|iPhoneSimulator.Build.0 = Release|x86
		{22B43788-7561-4ACF-AE6E-A8A047947CF6}.Ad-Hoc|iPhoneSimulator.Deploy.0 = Release|x86
		{22B43788-7561-4ACF-AE6E-A8A047947CF6}.Ad-Hoc|x64.ActiveCfg = Release|x64
		{22B43788-7561-4ACF-AE6E-A8A047947CF6}.Ad-Hoc|x64.Build.0 = Release|x64
		{22B43788-7561-4ACF-AE6E-A8A047947CF6}.Ad-Hoc|x64.Deploy.0 = Release|x64
		{22B43788-7561-4ACF-AE6E-A8A047947CF6}.Ad-Hoc|x86.ActiveCfg = Release|x86
		{22B43788-7561-4ACF-AE6E-A8A047947CF6}.Ad-Hoc|x86.Build.0 = Release|x86
		{22B43788-7561-4ACF-AE6E-A8A047947CF6}.Ad-Hoc|x86.Deploy.0 = Release|x86
		{22B43788-7561-4ACF-AE6E-A8A047947CF6}.AppStore|Any CPU.ActiveCfg = Release|x86
		{22B43788-7561-4ACF-AE6E-A8A047947CF6}.AppStore|Any CPU.Build.0 = Release|x86
		{22B43788-7561-4ACF-AE6E-A8A047947CF6}.AppStore|Any CPU.Deploy.0 = Release|x86
		{22B43788-7561-4ACF-AE6E-A8A047947CF6}.AppStore|ARM.ActiveCfg = Release|ARM
		{22B43788-7561-4ACF-AE6E-A8A047947CF6}.AppStore|ARM.Build.0 = Release|ARM
		{22B43788-7561-4ACF-AE6E-A8A047947CF6}.AppStore|ARM.Deploy.0 = Release|ARM
		{22B43788-7561-4ACF-AE6E-A8A047947CF6}.AppStore|iPhone.ActiveCfg = Release|x86
		{22B43788-7561-4ACF-AE6E-A8A047947CF6}.AppStore|iPhone.Build.0 = Release|x86
		{22B43788-7561-4ACF-AE6E-A8A047947CF6}.AppStore|iPhone.Deploy.0 = Release|x86
		{22B43788-7561-4ACF-AE6E-A8A047947CF6}.AppStore|iPhoneSimulator.ActiveCfg = Release|x86
		{22B43788-7561-4ACF-AE6E-A8A047947CF6}.AppStore|iPhoneSimulator.Build.0 = Release|x86
		{22B43788-7561-4ACF-AE6E-A8A047947CF6}.AppStore|iPhoneSimulator.Deploy.0 = Release|x86
		{22B43788-7561-4ACF-AE6E-A8A047947CF6}.AppStore|x64.ActiveCfg = Release|x64
		{22B43788-7561-4ACF-AE6E-A8A047947CF6}.AppStore|x64.Build.0 = Release|x64
		{22B43788-7561-4ACF-AE6E-A8A047947CF6}.AppStore|x64.Deploy.0 = Release|x64
		{22B43788-7561-4ACF-AE6E-A8A047947CF6}.AppStore|x86.ActiveCfg = Release|x86
		{22B43788-7561-4ACF-AE6E-A8A047947CF6}.AppStore|x86.Build.0 = Release|x86
		{22B43788-7561-4ACF-AE6E-A8A047947CF6}.AppStore|x86.Deploy.0 = Release|x86
		{22B43788-7561-4ACF-AE6E-A8A047947CF6}.Debug|Any CPU.ActiveCfg = Debug|x86
		{22B43788-7561-4ACF-AE6E-A8A047947CF6}.Debug|ARM.ActiveCfg = Debug|ARM
		{22B43788-7561-4ACF-AE6E-A8A047947CF6}.Debug|ARM.Build.0 = Debug|ARM
		{22B43788-7561-4ACF-AE6E-A8A047947CF6}.Debug|ARM.Deploy.0 = Debug|ARM
		{22B43788-7561-4ACF-AE6E-A8A047947CF6}.Debug|iPhone.ActiveCfg = Debug|x86
		{22B43788-7561-4ACF-AE6E-A8A047947CF6}.Debug|iPhoneSimulator.ActiveCfg = Debug|x86
		{22B43788-7561-4ACF-AE6E-A8A047947CF6}.Debug|x64.ActiveCfg = Debug|x64
		{22B43788-7561-4ACF-AE6E-A8A047947CF6}.Debug|x64.Build.0 = Debug|x64
		{22B43788-7561-4ACF-AE6E-A8A047947CF6}.Debug|x64.Deploy.0 = Debug|x64
		{22B43788-7561-4ACF-AE6E-A8A047947CF6}.Debug|x86.ActiveCfg = Debug|x86
		{22B43788-7561-4ACF-AE6E-A8A047947CF6}.Debug|x86.Build.0 = Debug|x86
		{22B43788-7561-4ACF-AE6E-A8A047947CF6}.Debug|x86.Deploy.0 = Debug|x86
		{22B43788-7561-4ACF-AE6E-A8A047947CF6}.Release|Any CPU.ActiveCfg = Release|x86
		{22B43788-7561-4ACF-AE6E-A8A047947CF6}.Release|ARM.ActiveCfg = Release|ARM
		{22B43788-7561-4ACF-AE6E-A8A047947CF6}.Release|ARM.Build.0 = Release|ARM
		{22B43788-7561-4ACF-AE6E-A8A047947CF6}.Release|ARM.Deploy.0 = Release|ARM
		{22B43788-7561-4ACF-AE6E-A8A047947CF6}.Release|iPhone.ActiveCfg = Release|x86
		{22B43788-7561-4ACF-AE6E-A8A047947CF6}.Release|iPhoneSimulator.ActiveCfg = Release|x86
		{22B43788-7561-4ACF-AE6E-A8A047947CF6}.Release|x64.ActiveCfg = Release|x64
		{22B43788-7561-4ACF-AE6E-A8A047947CF6}.Release|x64.Build.0 = Release|x64
		{22B43788-7561-4ACF-AE6E-A8A047947CF6}.Release|x64.Deploy.0 = Release|x64
		{22B43788-7561-4ACF-AE6E-A8A047947CF6}.Release|x86.ActiveCfg = Release|x86
		{22B43788-7561-4ACF-AE6E-A8A047947CF6}.Release|x86.Build.0 = Release|x86
		{22B43788-7561-4ACF-AE6E-A8A047947CF6}.Release|x86.Deploy.0 = Release|x86
	EndGlobalSection
	GlobalSection(SolutionProperties) = preSolution
		HideSolutionNode = FALSE
	EndGlobalSection
	GlobalSection(ExtensibilityGlobals) = postSolution
		SolutionGuid = {89D8DC51-10F5-488F-A937-6065BFAA10F7}
	EndGlobalSection
EndGlobal
